// !$*UTF8*$!
{
	archiveVersion = 1;
	classes = {
	};
	objectVersion = 50;
	objects = {

/* Begin PBXBuildFile section */
		165FF833263987D9003941F8 /* block.cpp in Sources */ = {isa = PBXBuildFile; fileRef = 165FF825263987D9003941F8 /* block.cpp */; };
		165FF834263987D9003941F8 /* light.cpp in Sources */ = {isa = PBXBuildFile; fileRef = 165FF826263987D9003941F8 /* light.cpp */; };
		165FF835263987D9003941F8 /* item.cpp in Sources */ = {isa = PBXBuildFile; fileRef = 165FF827263987D9003941F8 /* item.cpp */; };
		165FF836263987D9003941F8 /* map.cpp in Sources */ = {isa = PBXBuildFile; fileRef = 165FF828263987D9003941F8 /* map.cpp */; };
		165FF837263987D9003941F8 /* inventoryItem.cpp in Sources */ = {isa = PBXBuildFile; fileRef = 165FF82B263987D9003941F8 /* inventoryItem.cpp */; };
		165FF838263987D9003941F8 /* inventory.cpp in Sources */ = {isa = PBXBuildFile; fileRef = 165FF82C263987D9003941F8 /* inventory.cpp */; };
		165FF839263987D9003941F8 /* worldSaver.cpp in Sources */ = {isa = PBXBuildFile; fileRef = 165FF82F263987D9003941F8 /* worldSaver.cpp */; };
		165FF83A263987D9003941F8 /* terrainGenerator.cpp in Sources */ = {isa = PBXBuildFile; fileRef = 165FF832263987D9003941F8 /* terrainGenerator.cpp */; };
		165FF848263987E3003941F8 /* fileSystem.cpp in Sources */ = {isa = PBXBuildFile; fileRef = 165FF83E263987E3003941F8 /* fileSystem.cpp */; };
		165FF849263987E3003941F8 /* simplex-noise.cpp in Sources */ = {isa = PBXBuildFile; fileRef = 165FF841263987E3003941F8 /* simplex-noise.cpp */; };
		165FF84A263987E3003941F8 /* packets.cpp in Sources */ = {isa = PBXBuildFile; fileRef = 165FF844263987E3003941F8 /* packets.cpp */; };
		165FF84B263996EE003941F8 /* fileSystem.cpp in Sources */ = {isa = PBXBuildFile; fileRef = 165FF83E263987E3003941F8 /* fileSystem.cpp */; };
		165FF84C263996EE003941F8 /* simplex-noise.cpp in Sources */ = {isa = PBXBuildFile; fileRef = 165FF841263987E3003941F8 /* simplex-noise.cpp */; };
		165FF84D263996EE003941F8 /* packets.cpp in Sources */ = {isa = PBXBuildFile; fileRef = 165FF844263987E3003941F8 /* packets.cpp */; };
		165FF84E263996EE003941F8 /* block.cpp in Sources */ = {isa = PBXBuildFile; fileRef = 165FF825263987D9003941F8 /* block.cpp */; };
		165FF84F263996EE003941F8 /* light.cpp in Sources */ = {isa = PBXBuildFile; fileRef = 165FF826263987D9003941F8 /* light.cpp */; };
		165FF850263996EE003941F8 /* item.cpp in Sources */ = {isa = PBXBuildFile; fileRef = 165FF827263987D9003941F8 /* item.cpp */; };
		165FF851263996EF003941F8 /* map.cpp in Sources */ = {isa = PBXBuildFile; fileRef = 165FF828263987D9003941F8 /* map.cpp */; };
		165FF852263996EF003941F8 /* inventoryItem.cpp in Sources */ = {isa = PBXBuildFile; fileRef = 165FF82B263987D9003941F8 /* inventoryItem.cpp */; };
		165FF853263996EF003941F8 /* inventory.cpp in Sources */ = {isa = PBXBuildFile; fileRef = 165FF82C263987D9003941F8 /* inventory.cpp */; };
		165FF854263996EF003941F8 /* worldSaver.cpp in Sources */ = {isa = PBXBuildFile; fileRef = 165FF82F263987D9003941F8 /* worldSaver.cpp */; };
		165FF855263996EF003941F8 /* terrainGenerator.cpp in Sources */ = {isa = PBXBuildFile; fileRef = 165FF832263987D9003941F8 /* terrainGenerator.cpp */; };
		1661651E25EA249D002A3815 /* networkingModule.cpp in Sources */ = {isa = PBXBuildFile; fileRef = 1661650A25EA249D002A3815 /* networkingModule.cpp */; };
		1661651F25EA249D002A3815 /* itemEngineNet.cpp in Sources */ = {isa = PBXBuildFile; fileRef = 1661650C25EA249D002A3815 /* itemEngineNet.cpp */; };
		1661652025EA249D002A3815 /* print.cpp in Sources */ = {isa = PBXBuildFile; fileRef = 1661650E25EA249D002A3815 /* print.cpp */; };
		1661652225EA249D002A3815 /* playerHandler.cpp in Sources */ = {isa = PBXBuildFile; fileRef = 1661651525EA249D002A3815 /* playerHandler.cpp */; };
		1661652325EA249D002A3815 /* main.cpp in Sources */ = {isa = PBXBuildFile; fileRef = 1661651925EA249D002A3815 /* main.cpp */; };
		1661652425EA249D002A3815 /* blockEngineNet.cpp in Sources */ = {isa = PBXBuildFile; fileRef = 1661651B25EA249D002A3815 /* blockEngineNet.cpp */; };
		166165B725EA3054002A3815 /* networkingModule.cpp in Sources */ = {isa = PBXBuildFile; fileRef = 1661650A25EA249D002A3815 /* networkingModule.cpp */; };
		166165B825EA3054002A3815 /* itemEngineNet.cpp in Sources */ = {isa = PBXBuildFile; fileRef = 1661650C25EA249D002A3815 /* itemEngineNet.cpp */; };
		166165B925EA3054002A3815 /* print.cpp in Sources */ = {isa = PBXBuildFile; fileRef = 1661650E25EA249D002A3815 /* print.cpp */; };
		166165BB25EA3054002A3815 /* playerHandler.cpp in Sources */ = {isa = PBXBuildFile; fileRef = 1661651525EA249D002A3815 /* playerHandler.cpp */; };
		166165BC25EA3054002A3815 /* main.cpp in Sources */ = {isa = PBXBuildFile; fileRef = 1661651925EA249D002A3815 /* main.cpp */; };
		166165BD25EA3054002A3815 /* blockEngineNet.cpp in Sources */ = {isa = PBXBuildFile; fileRef = 1661651B25EA249D002A3815 /* blockEngineNet.cpp */; };
		167AF54425F4DB17001E7C9F /* clickEvents.cpp in Sources */ = {isa = PBXBuildFile; fileRef = 167AF54225F4DB17001E7C9F /* clickEvents.cpp */; };
		167AF54B25F4DBFA001E7C9F /* clickEvents.cpp in Sources */ = {isa = PBXBuildFile; fileRef = 167AF54225F4DB17001E7C9F /* clickEvents.cpp */; };
/* End PBXBuildFile section */

/* Begin PBXCopyFilesBuildPhase section */
		166164C725EA23D1002A3815 /* CopyFiles */ = {
			isa = PBXCopyFilesBuildPhase;
			buildActionMask = 2147483647;
			dstPath = /usr/share/man/man1/;
			dstSubfolderSpec = 0;
			files = (
			);
			runOnlyForDeploymentPostprocessing = 1;
		};
		1661659C25EA2FE6002A3815 /* CopyFiles */ = {
			isa = PBXCopyFilesBuildPhase;
			buildActionMask = 2147483647;
			dstPath = /usr/share/man/man1/;
			dstSubfolderSpec = 0;
			files = (
			);
			runOnlyForDeploymentPostprocessing = 1;
		};
/* End PBXCopyFilesBuildPhase section */

/* Begin PBXFileReference section */
		165FF824263987D9003941F8 /* map.hpp */ = {isa = PBXFileReference; fileEncoding = 4; lastKnownFileType = sourcecode.cpp.h; path = map.hpp; sourceTree = "<group>"; };
		165FF825263987D9003941F8 /* block.cpp */ = {isa = PBXFileReference; fileEncoding = 4; lastKnownFileType = sourcecode.cpp.cpp; path = block.cpp; sourceTree = "<group>"; };
		165FF826263987D9003941F8 /* light.cpp */ = {isa = PBXFileReference; fileEncoding = 4; lastKnownFileType = sourcecode.cpp.cpp; path = light.cpp; sourceTree = "<group>"; };
		165FF827263987D9003941F8 /* item.cpp */ = {isa = PBXFileReference; fileEncoding = 4; lastKnownFileType = sourcecode.cpp.cpp; path = item.cpp; sourceTree = "<group>"; };
		165FF828263987D9003941F8 /* map.cpp */ = {isa = PBXFileReference; fileEncoding = 4; lastKnownFileType = sourcecode.cpp.cpp; path = map.cpp; sourceTree = "<group>"; };
		165FF82A263987D9003941F8 /* inventory.hpp */ = {isa = PBXFileReference; fileEncoding = 4; lastKnownFileType = sourcecode.cpp.h; path = inventory.hpp; sourceTree = "<group>"; };
		165FF82B263987D9003941F8 /* inventoryItem.cpp */ = {isa = PBXFileReference; fileEncoding = 4; lastKnownFileType = sourcecode.cpp.cpp; path = inventoryItem.cpp; sourceTree = "<group>"; };
		165FF82C263987D9003941F8 /* inventory.cpp */ = {isa = PBXFileReference; fileEncoding = 4; lastKnownFileType = sourcecode.cpp.cpp; path = inventory.cpp; sourceTree = "<group>"; };
		165FF82E263987D9003941F8 /* worldSaver.hpp */ = {isa = PBXFileReference; fileEncoding = 4; lastKnownFileType = sourcecode.cpp.h; path = worldSaver.hpp; sourceTree = "<group>"; };
		165FF82F263987D9003941F8 /* worldSaver.cpp */ = {isa = PBXFileReference; fileEncoding = 4; lastKnownFileType = sourcecode.cpp.cpp; path = worldSaver.cpp; sourceTree = "<group>"; };
		165FF831263987D9003941F8 /* terrainGenerator.hpp */ = {isa = PBXFileReference; fileEncoding = 4; lastKnownFileType = sourcecode.cpp.h; path = terrainGenerator.hpp; sourceTree = "<group>"; };
		165FF832263987D9003941F8 /* terrainGenerator.cpp */ = {isa = PBXFileReference; fileEncoding = 4; lastKnownFileType = sourcecode.cpp.cpp; path = terrainGenerator.cpp; sourceTree = "<group>"; };
		165FF83D263987E3003941F8 /* fileSystem.hpp */ = {isa = PBXFileReference; fileEncoding = 4; lastKnownFileType = sourcecode.cpp.h; path = fileSystem.hpp; sourceTree = "<group>"; };
		165FF83E263987E3003941F8 /* fileSystem.cpp */ = {isa = PBXFileReference; fileEncoding = 4; lastKnownFileType = sourcecode.cpp.cpp; path = fileSystem.cpp; sourceTree = "<group>"; };
		165FF840263987E3003941F8 /* simplex-noise.hpp */ = {isa = PBXFileReference; fileEncoding = 4; lastKnownFileType = sourcecode.cpp.h; path = "simplex-noise.hpp"; sourceTree = "<group>"; };
		165FF841263987E3003941F8 /* simplex-noise.cpp */ = {isa = PBXFileReference; fileEncoding = 4; lastKnownFileType = sourcecode.cpp.cpp; path = "simplex-noise.cpp"; sourceTree = "<group>"; };
		165FF843263987E3003941F8 /* packets.hpp */ = {isa = PBXFileReference; fileEncoding = 4; lastKnownFileType = sourcecode.cpp.h; path = packets.hpp; sourceTree = "<group>"; };
		165FF844263987E3003941F8 /* packets.cpp */ = {isa = PBXFileReference; fileEncoding = 4; lastKnownFileType = sourcecode.cpp.cpp; path = packets.cpp; sourceTree = "<group>"; };
		165FF846263987E3003941F8 /* dev.hpp */ = {isa = PBXFileReference; fileEncoding = 4; lastKnownFileType = sourcecode.cpp.h; path = dev.hpp; sourceTree = "<group>"; };
		165FF847263987E3003941F8 /* debugBreak.hpp */ = {isa = PBXFileReference; fileEncoding = 4; lastKnownFileType = sourcecode.cpp.h; path = debugBreak.hpp; sourceTree = "<group>"; };
		166164C925EA23D1002A3815 /* Terralistic-server */ = {isa = PBXFileReference; explicitFileType = "compiled.mach-o.executable"; includeInIndex = 0; path = "Terralistic-server"; sourceTree = BUILT_PRODUCTS_DIR; };
		1661650A25EA249D002A3815 /* networkingModule.cpp */ = {isa = PBXFileReference; fileEncoding = 4; lastKnownFileType = sourcecode.cpp.cpp; path = networkingModule.cpp; sourceTree = "<group>"; };
		1661650B25EA249D002A3815 /* networkingModule.hpp */ = {isa = PBXFileReference; fileEncoding = 4; lastKnownFileType = sourcecode.cpp.h; path = networkingModule.hpp; sourceTree = "<group>"; };
		1661650C25EA249D002A3815 /* itemEngineNet.cpp */ = {isa = PBXFileReference; fileEncoding = 4; lastKnownFileType = sourcecode.cpp.cpp; path = itemEngineNet.cpp; sourceTree = "<group>"; };
		1661650E25EA249D002A3815 /* print.cpp */ = {isa = PBXFileReference; fileEncoding = 4; lastKnownFileType = sourcecode.cpp.cpp; path = print.cpp; sourceTree = "<group>"; };
		1661650F25EA249D002A3815 /* print.hpp */ = {isa = PBXFileReference; fileEncoding = 4; lastKnownFileType = sourcecode.cpp.h; path = print.hpp; sourceTree = "<group>"; };
		1661651525EA249D002A3815 /* playerHandler.cpp */ = {isa = PBXFileReference; fileEncoding = 4; lastKnownFileType = sourcecode.cpp.cpp; path = playerHandler.cpp; sourceTree = "<group>"; };
		1661651625EA249D002A3815 /* playerHandler.hpp */ = {isa = PBXFileReference; fileEncoding = 4; lastKnownFileType = sourcecode.cpp.h; path = playerHandler.hpp; sourceTree = "<group>"; };
		1661651825EA249D002A3815 /* main.hpp */ = {isa = PBXFileReference; fileEncoding = 4; lastKnownFileType = sourcecode.cpp.h; path = main.hpp; sourceTree = "<group>"; };
		1661651925EA249D002A3815 /* main.cpp */ = {isa = PBXFileReference; fileEncoding = 4; lastKnownFileType = sourcecode.cpp.cpp; path = main.cpp; sourceTree = "<group>"; };
		1661651B25EA249D002A3815 /* blockEngineNet.cpp */ = {isa = PBXFileReference; fileEncoding = 4; lastKnownFileType = sourcecode.cpp.cpp; path = blockEngineNet.cpp; sourceTree = "<group>"; };
		1661659E25EA2FE6002A3815 /* Terralistic-server-Debug */ = {isa = PBXFileReference; explicitFileType = "compiled.mach-o.executable"; includeInIndex = 0; path = "Terralistic-server-Debug"; sourceTree = BUILT_PRODUCTS_DIR; };
		167AF54225F4DB17001E7C9F /* clickEvents.cpp */ = {isa = PBXFileReference; lastKnownFileType = sourcecode.cpp.cpp; path = clickEvents.cpp; sourceTree = "<group>"; };
		167AF54325F4DB17001E7C9F /* clickEvents.hpp */ = {isa = PBXFileReference; lastKnownFileType = sourcecode.cpp.h; path = clickEvents.hpp; sourceTree = "<group>"; };
/* End PBXFileReference section */

/* Begin PBXFrameworksBuildPhase section */
		166164C625EA23D1002A3815 /* Frameworks */ = {
			isa = PBXFrameworksBuildPhase;
			buildActionMask = 2147483647;
			files = (
			);
			runOnlyForDeploymentPostprocessing = 0;
		};
		1661659B25EA2FE6002A3815 /* Frameworks */ = {
			isa = PBXFrameworksBuildPhase;
			buildActionMask = 2147483647;
			files = (
			);
			runOnlyForDeploymentPostprocessing = 0;
		};
/* End PBXFrameworksBuildPhase section */

/* Begin PBXGroup section */
		165FF822263987D9003941F8 /* Core */ = {
			isa = PBXGroup;
			children = (
				165FF823263987D9003941F8 /* map */,
				165FF829263987D9003941F8 /* inventory */,
				165FF82D263987D9003941F8 /* worldSaver */,
				165FF830263987D9003941F8 /* terrainGenerator */,
			);
			path = Core;
			sourceTree = "<group>";
		};
		165FF823263987D9003941F8 /* map */ = {
			isa = PBXGroup;
			children = (
				165FF824263987D9003941F8 /* map.hpp */,
				165FF825263987D9003941F8 /* block.cpp */,
				165FF826263987D9003941F8 /* light.cpp */,
				165FF827263987D9003941F8 /* item.cpp */,
				165FF828263987D9003941F8 /* map.cpp */,
			);
			path = map;
			sourceTree = "<group>";
		};
		165FF829263987D9003941F8 /* inventory */ = {
			isa = PBXGroup;
			children = (
				165FF82A263987D9003941F8 /* inventory.hpp */,
				165FF82B263987D9003941F8 /* inventoryItem.cpp */,
				165FF82C263987D9003941F8 /* inventory.cpp */,
			);
			path = inventory;
			sourceTree = "<group>";
		};
		165FF82D263987D9003941F8 /* worldSaver */ = {
			isa = PBXGroup;
			children = (
				165FF82E263987D9003941F8 /* worldSaver.hpp */,
				165FF82F263987D9003941F8 /* worldSaver.cpp */,
			);
			path = worldSaver;
			sourceTree = "<group>";
		};
		165FF830263987D9003941F8 /* terrainGenerator */ = {
			isa = PBXGroup;
			children = (
				165FF831263987D9003941F8 /* terrainGenerator.hpp */,
				165FF832263987D9003941F8 /* terrainGenerator.cpp */,
			);
			path = terrainGenerator;
			sourceTree = "<group>";
		};
		165FF83B263987E3003941F8 /* Libraries */ = {
			isa = PBXGroup;
			children = (
				165FF83C263987E3003941F8 /* fileSystem */,
				165FF83F263987E3003941F8 /* simplexNoise */,
				165FF842263987E3003941F8 /* packets */,
				165FF845263987E3003941F8 /* dev */,
			);
			path = Libraries;
			sourceTree = "<group>";
		};
		165FF83C263987E3003941F8 /* fileSystem */ = {
			isa = PBXGroup;
			children = (
				165FF83D263987E3003941F8 /* fileSystem.hpp */,
				165FF83E263987E3003941F8 /* fileSystem.cpp */,
			);
			path = fileSystem;
			sourceTree = "<group>";
		};
		165FF83F263987E3003941F8 /* simplexNoise */ = {
			isa = PBXGroup;
			children = (
				165FF840263987E3003941F8 /* simplex-noise.hpp */,
				165FF841263987E3003941F8 /* simplex-noise.cpp */,
			);
			path = simplexNoise;
			sourceTree = "<group>";
		};
		165FF842263987E3003941F8 /* packets */ = {
			isa = PBXGroup;
			children = (
				165FF843263987E3003941F8 /* packets.hpp */,
				165FF844263987E3003941F8 /* packets.cpp */,
			);
			path = packets;
			sourceTree = "<group>";
		};
		165FF845263987E3003941F8 /* dev */ = {
			isa = PBXGroup;
			children = (
				165FF846263987E3003941F8 /* dev.hpp */,
				165FF847263987E3003941F8 /* debugBreak.hpp */,
			);
			path = dev;
			sourceTree = "<group>";
		};
		166164C025EA23D1002A3815 = {
			isa = PBXGroup;
			children = (
				165FF83B263987E3003941F8 /* Libraries */,
				165FF822263987D9003941F8 /* Core */,
				1661650525EA249D002A3815 /* Server */,
				166164CA25EA23D1002A3815 /* Products */,
			);
			sourceTree = "<group>";
		};
		166164CA25EA23D1002A3815 /* Products */ = {
			isa = PBXGroup;
			children = (
				166164C925EA23D1002A3815 /* Terralistic-server */,
				1661659E25EA2FE6002A3815 /* Terralistic-server-Debug */,
			);
			name = Products;
			sourceTree = "<group>";
		};
		1661650525EA249D002A3815 /* Server */ = {
			isa = PBXGroup;
			children = (
				167AF54125F4DB03001E7C9F /* clickEvents */,
				1661650925EA249D002A3815 /* networkingModule */,
				1661650D25EA249D002A3815 /* print */,
				1661651425EA249D002A3815 /* playerHandler */,
				1661651725EA249D002A3815 /* main */,
			);
			path = Server;
			sourceTree = "<group>";
		};
		1661650925EA249D002A3815 /* networkingModule */ = {
			isa = PBXGroup;
			children = (
				1661650B25EA249D002A3815 /* networkingModule.hpp */,
				1661650A25EA249D002A3815 /* networkingModule.cpp */,
				1661650C25EA249D002A3815 /* itemEngineNet.cpp */,
				1661651B25EA249D002A3815 /* blockEngineNet.cpp */,
			);
			path = networkingModule;
			sourceTree = "<group>";
		};
		1661650D25EA249D002A3815 /* print */ = {
			isa = PBXGroup;
			children = (
				1661650E25EA249D002A3815 /* print.cpp */,
				1661650F25EA249D002A3815 /* print.hpp */,
			);
			path = print;
			sourceTree = "<group>";
		};
		1661651425EA249D002A3815 /* playerHandler */ = {
			isa = PBXGroup;
			children = (
				1661651625EA249D002A3815 /* playerHandler.hpp */,
				1661651525EA249D002A3815 /* playerHandler.cpp */,
			);
			path = playerHandler;
			sourceTree = "<group>";
		};
		1661651725EA249D002A3815 /* main */ = {
			isa = PBXGroup;
			children = (
				1661651825EA249D002A3815 /* main.hpp */,
				1661651925EA249D002A3815 /* main.cpp */,
			);
			path = main;
			sourceTree = "<group>";
		};
		167AF54125F4DB03001E7C9F /* clickEvents */ = {
			isa = PBXGroup;
			children = (
				167AF54325F4DB17001E7C9F /* clickEvents.hpp */,
				167AF54225F4DB17001E7C9F /* clickEvents.cpp */,
			);
			path = clickEvents;
			sourceTree = "<group>";
		};
/* End PBXGroup section */

/* Begin PBXNativeTarget section */
		166164C825EA23D1002A3815 /* Terralistic-server */ = {
			isa = PBXNativeTarget;
			buildConfigurationList = 166164D025EA23D1002A3815 /* Build configuration list for PBXNativeTarget "Terralistic-server" */;
			buildPhases = (
				166164C525EA23D1002A3815 /* Sources */,
				166164C625EA23D1002A3815 /* Frameworks */,
				166164C725EA23D1002A3815 /* CopyFiles */,
			);
			buildRules = (
			);
			dependencies = (
			);
			name = "Terralistic-server";
			productName = "Terralistic-server";
			productReference = 166164C925EA23D1002A3815 /* Terralistic-server */;
			productType = "com.apple.product-type.tool";
		};
		1661659D25EA2FE6002A3815 /* Terralistic-server-Debug */ = {
			isa = PBXNativeTarget;
			buildConfigurationList = 166165A225EA2FE6002A3815 /* Build configuration list for PBXNativeTarget "Terralistic-server-Debug" */;
			buildPhases = (
				1661659A25EA2FE6002A3815 /* Sources */,
				1661659B25EA2FE6002A3815 /* Frameworks */,
				1661659C25EA2FE6002A3815 /* CopyFiles */,
			);
			buildRules = (
			);
			dependencies = (
			);
			name = "Terralistic-server-Debug";
			productName = "Terralistic-server-Debug";
			productReference = 1661659E25EA2FE6002A3815 /* Terralistic-server-Debug */;
			productType = "com.apple.product-type.tool";
		};
/* End PBXNativeTarget section */

/* Begin PBXProject section */
		166164C125EA23D1002A3815 /* Project object */ = {
			isa = PBXProject;
			attributes = {
				LastUpgradeCheck = 1250;
				TargetAttributes = {
					166164C825EA23D1002A3815 = {
						CreatedOnToolsVersion = 12.4;
					};
					1661659D25EA2FE6002A3815 = {
						CreatedOnToolsVersion = 12.4;
					};
				};
			};
			buildConfigurationList = 166164C425EA23D1002A3815 /* Build configuration list for PBXProject "Terralistic-server" */;
			compatibilityVersion = "Xcode 9.3";
			developmentRegion = en;
			hasScannedForEncodings = 0;
			knownRegions = (
				en,
				Base,
			);
			mainGroup = 166164C025EA23D1002A3815;
			productRefGroup = 166164CA25EA23D1002A3815 /* Products */;
			projectDirPath = "";
			projectRoot = "";
			targets = (
				166164C825EA23D1002A3815 /* Terralistic-server */,
				1661659D25EA2FE6002A3815 /* Terralistic-server-Debug */,
			);
		};
/* End PBXProject section */

/* Begin PBXSourcesBuildPhase section */
		166164C525EA23D1002A3815 /* Sources */ = {
			isa = PBXSourcesBuildPhase;
			buildActionMask = 2147483647;
			files = (
				1661652325EA249D002A3815 /* main.cpp in Sources */,
				165FF83A263987D9003941F8 /* terrainGenerator.cpp in Sources */,
				165FF835263987D9003941F8 /* item.cpp in Sources */,
				165FF839263987D9003941F8 /* worldSaver.cpp in Sources */,
				1661651F25EA249D002A3815 /* itemEngineNet.cpp in Sources */,
				165FF833263987D9003941F8 /* block.cpp in Sources */,
				165FF838263987D9003941F8 /* inventory.cpp in Sources */,
				1661652025EA249D002A3815 /* print.cpp in Sources */,
				1661652425EA249D002A3815 /* blockEngineNet.cpp in Sources */,
				165FF837263987D9003941F8 /* inventoryItem.cpp in Sources */,
				165FF836263987D9003941F8 /* map.cpp in Sources */,
				165FF848263987E3003941F8 /* fileSystem.cpp in Sources */,
				1661652225EA249D002A3815 /* playerHandler.cpp in Sources */,
				1661651E25EA249D002A3815 /* networkingModule.cpp in Sources */,
				165FF849263987E3003941F8 /* simplex-noise.cpp in Sources */,
				165FF84A263987E3003941F8 /* packets.cpp in Sources */,
				165FF834263987D9003941F8 /* light.cpp in Sources */,
				167AF54425F4DB17001E7C9F /* clickEvents.cpp in Sources */,
			);
			runOnlyForDeploymentPostprocessing = 0;
		};
		1661659A25EA2FE6002A3815 /* Sources */ = {
			isa = PBXSourcesBuildPhase;
			buildActionMask = 2147483647;
			files = (
				165FF84B263996EE003941F8 /* fileSystem.cpp in Sources */,
				165FF84C263996EE003941F8 /* simplex-noise.cpp in Sources */,
				165FF84D263996EE003941F8 /* packets.cpp in Sources */,
				165FF84E263996EE003941F8 /* block.cpp in Sources */,
				165FF84F263996EE003941F8 /* light.cpp in Sources */,
				165FF850263996EE003941F8 /* item.cpp in Sources */,
				165FF851263996EF003941F8 /* map.cpp in Sources */,
				165FF852263996EF003941F8 /* inventoryItem.cpp in Sources */,
				165FF853263996EF003941F8 /* inventory.cpp in Sources */,
				165FF854263996EF003941F8 /* worldSaver.cpp in Sources */,
				165FF855263996EF003941F8 /* terrainGenerator.cpp in Sources */,
				167AF54B25F4DBFA001E7C9F /* clickEvents.cpp in Sources */,
				166165B725EA3054002A3815 /* networkingModule.cpp in Sources */,
				166165B825EA3054002A3815 /* itemEngineNet.cpp in Sources */,
				166165B925EA3054002A3815 /* print.cpp in Sources */,
				166165BB25EA3054002A3815 /* playerHandler.cpp in Sources */,
				166165BC25EA3054002A3815 /* main.cpp in Sources */,
				166165BD25EA3054002A3815 /* blockEngineNet.cpp in Sources */,
			);
			runOnlyForDeploymentPostprocessing = 0;
		};
/* End PBXSourcesBuildPhase section */

/* Begin XCBuildConfiguration section */
		166164CE25EA23D1002A3815 /* Debug */ = {
			isa = XCBuildConfiguration;
			buildSettings = {
				ALWAYS_SEARCH_USER_PATHS = NO;
				CLANG_ANALYZER_NONNULL = YES;
				CLANG_ANALYZER_NUMBER_OBJECT_CONVERSION = YES_AGGRESSIVE;
				CLANG_CXX_LANGUAGE_STANDARD = "gnu++14";
				CLANG_CXX_LIBRARY = "libc++";
				CLANG_ENABLE_MODULES = YES;
				CLANG_ENABLE_OBJC_ARC = YES;
				CLANG_ENABLE_OBJC_WEAK = YES;
				CLANG_WARN_BLOCK_CAPTURE_AUTORELEASING = YES;
				CLANG_WARN_BOOL_CONVERSION = YES;
				CLANG_WARN_COMMA = YES;
				CLANG_WARN_CONSTANT_CONVERSION = YES;
				CLANG_WARN_DEPRECATED_OBJC_IMPLEMENTATIONS = YES;
				CLANG_WARN_DIRECT_OBJC_ISA_USAGE = YES_ERROR;
				CLANG_WARN_DOCUMENTATION_COMMENTS = YES;
				CLANG_WARN_EMPTY_BODY = YES;
				CLANG_WARN_ENUM_CONVERSION = YES;
				CLANG_WARN_INFINITE_RECURSION = YES;
				CLANG_WARN_INT_CONVERSION = YES;
				CLANG_WARN_NON_LITERAL_NULL_CONVERSION = YES;
				CLANG_WARN_OBJC_IMPLICIT_RETAIN_SELF = YES;
				CLANG_WARN_OBJC_LITERAL_CONVERSION = YES;
				CLANG_WARN_OBJC_ROOT_CLASS = YES_ERROR;
				CLANG_WARN_QUOTED_INCLUDE_IN_FRAMEWORK_HEADER = YES;
				CLANG_WARN_RANGE_LOOP_ANALYSIS = YES;
				CLANG_WARN_STRICT_PROTOTYPES = YES;
				CLANG_WARN_SUSPICIOUS_MOVE = YES;
				CLANG_WARN_UNGUARDED_AVAILABILITY = YES_AGGRESSIVE;
				CLANG_WARN_UNREACHABLE_CODE = YES;
				CLANG_WARN__DUPLICATE_METHOD_MATCH = YES;
				COPY_PHASE_STRIP = NO;
				DEBUG_INFORMATION_FORMAT = dwarf;
				ENABLE_STRICT_OBJC_MSGSEND = YES;
				ENABLE_TESTABILITY = YES;
				GCC_C_LANGUAGE_STANDARD = gnu11;
				GCC_DYNAMIC_NO_PIC = NO;
				GCC_NO_COMMON_BLOCKS = YES;
				GCC_OPTIMIZATION_LEVEL = 0;
				GCC_PREPROCESSOR_DEFINITIONS = (
					"DEBUG=1",
					"$(inherited)",
				);
				GCC_WARN_64_TO_32_BIT_CONVERSION = YES;
				GCC_WARN_ABOUT_RETURN_TYPE = YES_ERROR;
				GCC_WARN_UNDECLARED_SELECTOR = YES;
				GCC_WARN_UNINITIALIZED_AUTOS = YES_AGGRESSIVE;
				GCC_WARN_UNUSED_FUNCTION = YES;
				GCC_WARN_UNUSED_VARIABLE = YES;
				MACOSX_DEPLOYMENT_TARGET = 11.1;
				MTL_ENABLE_DEBUG_INFO = INCLUDE_SOURCE;
				MTL_FAST_MATH = YES;
				ONLY_ACTIVE_ARCH = YES;
				SDKROOT = macosx;
			};
			name = Debug;
		};
		166164CF25EA23D1002A3815 /* Release */ = {
			isa = XCBuildConfiguration;
			buildSettings = {
				ALWAYS_SEARCH_USER_PATHS = NO;
				CLANG_ANALYZER_NONNULL = YES;
				CLANG_ANALYZER_NUMBER_OBJECT_CONVERSION = YES_AGGRESSIVE;
				CLANG_CXX_LANGUAGE_STANDARD = "gnu++14";
				CLANG_CXX_LIBRARY = "libc++";
				CLANG_ENABLE_MODULES = YES;
				CLANG_ENABLE_OBJC_ARC = YES;
				CLANG_ENABLE_OBJC_WEAK = YES;
				CLANG_WARN_BLOCK_CAPTURE_AUTORELEASING = YES;
				CLANG_WARN_BOOL_CONVERSION = YES;
				CLANG_WARN_COMMA = YES;
				CLANG_WARN_CONSTANT_CONVERSION = YES;
				CLANG_WARN_DEPRECATED_OBJC_IMPLEMENTATIONS = YES;
				CLANG_WARN_DIRECT_OBJC_ISA_USAGE = YES_ERROR;
				CLANG_WARN_DOCUMENTATION_COMMENTS = YES;
				CLANG_WARN_EMPTY_BODY = YES;
				CLANG_WARN_ENUM_CONVERSION = YES;
				CLANG_WARN_INFINITE_RECURSION = YES;
				CLANG_WARN_INT_CONVERSION = YES;
				CLANG_WARN_NON_LITERAL_NULL_CONVERSION = YES;
				CLANG_WARN_OBJC_IMPLICIT_RETAIN_SELF = YES;
				CLANG_WARN_OBJC_LITERAL_CONVERSION = YES;
				CLANG_WARN_OBJC_ROOT_CLASS = YES_ERROR;
				CLANG_WARN_QUOTED_INCLUDE_IN_FRAMEWORK_HEADER = YES;
				CLANG_WARN_RANGE_LOOP_ANALYSIS = YES;
				CLANG_WARN_STRICT_PROTOTYPES = YES;
				CLANG_WARN_SUSPICIOUS_MOVE = YES;
				CLANG_WARN_UNGUARDED_AVAILABILITY = YES_AGGRESSIVE;
				CLANG_WARN_UNREACHABLE_CODE = YES;
				CLANG_WARN__DUPLICATE_METHOD_MATCH = YES;
				COPY_PHASE_STRIP = NO;
				DEBUG_INFORMATION_FORMAT = "dwarf-with-dsym";
				ENABLE_NS_ASSERTIONS = NO;
				ENABLE_STRICT_OBJC_MSGSEND = YES;
				GCC_C_LANGUAGE_STANDARD = gnu11;
				GCC_NO_COMMON_BLOCKS = YES;
				GCC_WARN_64_TO_32_BIT_CONVERSION = YES;
				GCC_WARN_ABOUT_RETURN_TYPE = YES_ERROR;
				GCC_WARN_UNDECLARED_SELECTOR = YES;
				GCC_WARN_UNINITIALIZED_AUTOS = YES_AGGRESSIVE;
				GCC_WARN_UNUSED_FUNCTION = YES;
				GCC_WARN_UNUSED_VARIABLE = YES;
				MACOSX_DEPLOYMENT_TARGET = 11.1;
				MTL_ENABLE_DEBUG_INFO = NO;
				MTL_FAST_MATH = YES;
				SDKROOT = macosx;
			};
			name = Release;
		};
		166164D125EA23D1002A3815 /* Debug */ = {
			isa = XCBuildConfiguration;
			buildSettings = {
				CODE_SIGN_IDENTITY = "Apple Development";
				CODE_SIGN_STYLE = Automatic;
				DEVELOPMENT_TEAM = 4CKFJDZL4P;
				ENABLE_HARDENED_RUNTIME = YES;
				MACOSX_DEPLOYMENT_TARGET = 10.15;
				OTHER_CPLUSPLUSFLAGS = (
					"$(OTHER_CFLAGS)",
					"-std=c++17",
				);
				PRODUCT_BUNDLE_IDENTIFIER = com.jakobzorz;
				PRODUCT_NAME = "$(TARGET_NAME)";
			};
			name = Debug;
		};
		166164D225EA23D1002A3815 /* Release */ = {
			isa = XCBuildConfiguration;
			buildSettings = {
				CODE_SIGN_IDENTITY = "Apple Development";
				CODE_SIGN_STYLE = Automatic;
				DEVELOPMENT_TEAM = 4CKFJDZL4P;
				ENABLE_HARDENED_RUNTIME = YES;
				MACOSX_DEPLOYMENT_TARGET = 10.15;
				OTHER_CPLUSPLUSFLAGS = (
					"$(OTHER_CFLAGS)",
					"-std=c++17",
				);
				PRODUCT_BUNDLE_IDENTIFIER = com.jakobzorz;
				PRODUCT_NAME = "$(TARGET_NAME)";
			};
			name = Release;
		};
		166165A325EA2FE6002A3815 /* Debug */ = {
			isa = XCBuildConfiguration;
			buildSettings = {
				CODE_SIGN_ENTITLEMENTS = "";
				CODE_SIGN_IDENTITY = "-";
				CODE_SIGN_STYLE = Automatic;
				DEVELOPMENT_TEAM = 4CKFJDZL4P;
				ENABLE_HARDENED_RUNTIME = YES;
				MACOSX_DEPLOYMENT_TARGET = 10.15;
				OTHER_CPLUSPLUSFLAGS = (
					"$(OTHER_CFLAGS)",
					"-std=c++17",
					"-D",
					DEVELOPER_MODE,
				);
				PRODUCT_BUNDLE_IDENTIFIER = com.jakobzorz;
				PRODUCT_NAME = "$(TARGET_NAME)";
			};
			name = Debug;
		};
		166165A425EA2FE6002A3815 /* Release */ = {
			isa = XCBuildConfiguration;
			buildSettings = {
				CODE_SIGN_ENTITLEMENTS = "";
				CODE_SIGN_IDENTITY = "-";
				CODE_SIGN_STYLE = Automatic;
				DEVELOPMENT_TEAM = 4CKFJDZL4P;
				ENABLE_HARDENED_RUNTIME = YES;
				MACOSX_DEPLOYMENT_TARGET = 10.15;
				OTHER_CPLUSPLUSFLAGS = (
					"$(OTHER_CFLAGS)",
					"-std=c++17",
					"-D",
					DEVELOPER_MODE,
				);
				PRODUCT_BUNDLE_IDENTIFIER = com.jakobzorz;
				PRODUCT_NAME = "$(TARGET_NAME)";
			};
			name = Release;
		};
/* End XCBuildConfiguration section */

/* Begin XCConfigurationList section */
		166164C425EA23D1002A3815 /* Build configuration list for PBXProject "Terralistic-server" */ = {
			isa = XCConfigurationList;
			buildConfigurations = (
				166164CE25EA23D1002A3815 /* Debug */,
				166164CF25EA23D1002A3815 /* Release */,
			);
			defaultConfigurationIsVisible = 0;
			defaultConfigurationName = Release;
		};
		166164D025EA23D1002A3815 /* Build configuration list for PBXNativeTarget "Terralistic-server" */ = {
			isa = XCConfigurationList;
			buildConfigurations = (
				166164D125EA23D1002A3815 /* Debug */,
				166164D225EA23D1002A3815 /* Release */,
			);
			defaultConfigurationIsVisible = 0;
			defaultConfigurationName = Release;
		};
		166165A225EA2FE6002A3815 /* Build configuration list for PBXNativeTarget "Terralistic-server-Debug" */ = {
			isa = XCConfigurationList;
			buildConfigurations = (
				166165A325EA2FE6002A3815 /* Debug */,
				166165A425EA2FE6002A3815 /* Release */,
			);
			defaultConfigurationIsVisible = 0;
			defaultConfigurationName = Release;
		};
/* End XCConfigurationList section */
	};
	rootObject = 166164C125EA23D1002A3815 /* Project object */;
}
