<?xml version="1.0" encoding="utf-8"?>
<Project ToolsVersion="4.0" xmlns="http://schemas.microsoft.com/developer/msbuild/2003">
  <ItemGroup>
    <Filter Include="Source Files">
      <UniqueIdentifier>{4FC737F1-C7A5-4376-A066-2A32D752A2FF}</UniqueIdentifier>
      <Extensions>cpp;c;cc;cxx;def;odl;idl;hpj;bat;asm;asmx</Extensions>
    </Filter>
    <Filter Include="Header Files">
      <UniqueIdentifier>{93995380-89BD-4b04-88EB-625FBE52EBFB}</UniqueIdentifier>
      <Extensions>h;hh;hpp;hxx;hm;inl;inc;xsd</Extensions>
    </Filter>
    <Filter Include="Resource Files">
      <UniqueIdentifier>{67DA6AB6-F800-4c08-8B7A-83BB121AAD01}</UniqueIdentifier>
      <Extensions>rc;ico;cur;bmp;dlg;rc2;rct;bin;rgs;gif;jpg;jpeg;jpe;resx;tiff;tif;png;wav</Extensions>
    </Filter>
  </ItemGroup>
  <ItemGroup>
    <ClCompile Include="server\clickevents\clickEvents.cpp">
      <Filter>Source Files</Filter>
    </ClCompile>
    <ClCompile Include="server\print\print.cpp">
      <Filter>Source Files</Filter>
    </ClCompile>
    <ClCompile Include="server\server\server.cpp">
      <Filter>Source Files</Filter>
    </ClCompile>
    <ClCompile Include="server\servermap\serverBlock.cpp">
      <Filter>Source Files</Filter>
    </ClCompile>
    <ClCompile Include="server\servermap\serverInventory.cpp">
      <Filter>Source Files</Filter>
    </ClCompile>
    <ClCompile Include="server\servermap\serverItem.cpp">
      <Filter>Source Files</Filter>
    </ClCompile>
    <ClCompile Include="server\servermap\light.cpp">
      <Filter>Source Files</Filter>
    </ClCompile>
    <ClCompile Include="server\servermap\serverMap.cpp">
      <Filter>Source Files</Filter>
    </ClCompile>
    <ClCompile Include="server\servermap\serverPackets.cpp">
      <Filter>Source Files</Filter>
    </ClCompile>
    <ClCompile Include="server\servermap\player.cpp">
      <Filter>Source Files</Filter>
    </ClCompile>
    <ClCompile Include="server\servernetworking\serverNetworking.cpp">
      <Filter>Source Files</Filter>
    </ClCompile>
    <ClCompile Include="server\terraingenerator\terrainGenerator.cpp">
      <Filter>Source Files</Filter>
    </ClCompile>
    <ClCompile Include="server\terraingenerator\simplexnoise\simplex-noise.cpp">
      <Filter>Source Files</Filter>
    </ClCompile>
    <ClCompile Include="server\worldsaver\worldSaver.cpp">
      <Filter>Source Files</Filter>
    </ClCompile>
    <ClCompile Include="libraries\filesystem\fileSystem.cpp">
      <Filter>Source Files</Filter>
    </ClCompile>
    <ClCompile Include="libraries\packets\clientPackets.cpp">
      <Filter>Source Files</Filter>
    </ClCompile>
    <ClCompile Include="client\sources\filemanager\fileManager.cpp">
      <Filter>Source Files</Filter>
    </ClCompile>
    <ClCompile Include="client\sources\filemanager\sago\sago.cpp">
      <Filter>Source Files</Filter>
    </ClCompile>
    <ClCompile Include="client\sources\game\game.cpp">
      <Filter>Source Files</Filter>
    </ClCompile>
    <ClCompile Include="client\sources\game\clientnetworking\clientNetworking.cpp">
      <Filter>Source Files</Filter>
    </ClCompile>
    <ClCompile Include="client\sources\game\generatingscreen\generatingScreen.cpp">
      <Filter>Source Files</Filter>
    </ClCompile>
    <ClCompile Include="Client\Sources\game\Modules\clientMap\clientBlock.cpp">
      <Filter>Source Files</Filter>
    </ClCompile>
    <ClCompile Include="client\sources\game\modules\clientmap\chunk.cpp">
      <Filter>Source Files</Filter>
    </ClCompile>
    <ClCompile Include="client\sources\game\modules\clientmap\clientItem.cpp">
      <Filter>Source Files</Filter>
    </ClCompile>
    <ClCompile Include="client\sources\game\modules\clientmap\clientMap.cpp">
      <Filter>Source Files</Filter>
    </ClCompile>
    <ClCompile Include="client\sources\game\modules\otherplayers\otherPlayers.cpp">
      <Filter>Source Files</Filter>
    </ClCompile>
    <ClCompile Include="client\sources\game\modules\pausescreen\pauseScreen.cpp">
      <Filter>Source Files</Filter>
    </ClCompile>
    <ClCompile Include="client\sources\game\modules\playerhandler\blockSelector.cpp">
      <Filter>Source Files</Filter>
    </ClCompile>
    <ClCompile Include="client\sources\game\modules\playerhandler\inventoryRenderer.cpp">
      <Filter>Source Files</Filter>
    </ClCompile>
    <ClCompile Include="client\sources\game\modules\playerhandler\playerHandler.cpp">
      <Filter>Source Files</Filter>
    </ClCompile>
    <ClCompile Include="client\sources\game\playerrenderer\playerRenderer.cpp">
      <Filter>Source Files</Filter>
    </ClCompile>
    <ClCompile Include="client\sources\inventory\clientInventory.cpp">
      <Filter>Source Files</Filter>
    </ClCompile>
    <ClCompile Include="client\sources\inventory\inventoryItem.cpp">
      <Filter>Source Files</Filter>
    </ClCompile>
    <ClCompile Include="client\sources\main\main.cpp">
      <Filter>Source Files</Filter>
    </ClCompile>
    <ClCompile Include="client\sources\menus\multiplayerselector\multiplayerSelector.cpp">
      <Filter>Source Files</Filter>
    </ClCompile>
    <ClCompile Include="client\sources\menus\startmenu\startMenu.cpp">
      <Filter>Source Files</Filter>
    </ClCompile>
    <ClCompile Include="client\sources\menus\worldcreator\worldCreator.cpp">
      <Filter>Source Files</Filter>
    </ClCompile>
    <ClCompile Include="client\sources\menus\worldselector\worldSelector.cpp">
      <Filter>Source Files</Filter>
    </ClCompile>
    <ClCompile Include="client\sources\textscreen\textScreen.cpp">
      <Filter>Source Files</Filter>
    </ClCompile>
    <ClCompile Include="Client\Graphics\drawables.cpp">
      <Filter>Source Files</Filter>
    </ClCompile>
    <ClCompile Include="Client\Graphics\gfx.cpp">
      <Filter>Source Files</Filter>
    </ClCompile>
    <ClCompile Include="Client\Graphics\render.cpp">
      <Filter>Source Files</Filter>
    </ClCompile>
    <ClCompile Include="Client\Graphics\scenes.cpp">
      <Filter>Source Files</Filter>
    </ClCompile>
  </ItemGroup>
  <ItemGroup>
    <ClInclude Include="server\clickevents\clickEvents.hpp">
      <Filter>Header Files</Filter>
    </ClInclude>
    <ClInclude Include="server\print\print.hpp">
      <Filter>Header Files</Filter>
    </ClInclude>
    <ClInclude Include="server\server\server.hpp">
      <Filter>Header Files</Filter>
    </ClInclude>
    <ClInclude Include="server\servermap\serverMap.hpp">
      <Filter>Header Files</Filter>
    </ClInclude>
    <ClInclude Include="server\servernetworking\serverNetworking.hpp">
      <Filter>Header Files</Filter>
    </ClInclude>
    <ClInclude Include="server\terraingenerator\terrainGenerator.hpp">
      <Filter>Header Files</Filter>
    </ClInclude>
    <ClInclude Include="server\terraingenerator\simplexnoise\simplex-noise.hpp">
      <Filter>Header Files</Filter>
    </ClInclude>
    <ClInclude Include="server\worldsaver\worldSaver.hpp">
      <Filter>Header Files</Filter>
    </ClInclude>
    <ClInclude Include="libraries\assert\assert.hpp">
      <Filter>Header Files</Filter>
    </ClInclude>
    <ClInclude Include="libraries\assert\debugBreak.hpp">
      <Filter>Header Files</Filter>
    </ClInclude>
    <ClInclude Include="libraries\filesystem\fileSystem.hpp">
      <Filter>Header Files</Filter>
    </ClInclude>
    <ClInclude Include="libraries\packets\packets.hpp">
      <Filter>Header Files</Filter>
    </ClInclude>
    <ClInclude Include="client\sources\filemanager\fileManager.hpp">
      <Filter>Header Files</Filter>
    </ClInclude>
    <ClInclude Include="client\sources\filemanager\sago\platform_folders.h">
      <Filter>Header Files</Filter>
    </ClInclude>
    <ClInclude Include="client\sources\game\game.hpp">
      <Filter>Header Files</Filter>
    </ClInclude>
    <ClInclude Include="client\sources\game\clientnetworking\clientNetworking.hpp">
      <Filter>Header Files</Filter>
    </ClInclude>
    <ClInclude Include="client\sources\game\generatingscreen\generatingScreen.hpp">
      <Filter>Header Files</Filter>
    </ClInclude>
    <ClInclude Include="client\sources\game\modules\clientmap\clientMap.hpp">
      <Filter>Header Files</Filter>
    </ClInclude>
    <ClInclude Include="client\sources\game\modules\otherplayers\otherPlayers.hpp">
      <Filter>Header Files</Filter>
    </ClInclude>
    <ClInclude Include="client\sources\game\modules\pausescreen\pauseScreen.hpp">
      <Filter>Header Files</Filter>
    </ClInclude>
    <ClInclude Include="client\sources\game\modules\playerhandler\playerHandler.hpp">
      <Filter>Header Files</Filter>
    </ClInclude>
    <ClInclude Include="client\sources\game\playerrenderer\playerRenderer.hpp">
      <Filter>Header Files</Filter>
    </ClInclude>
    <ClInclude Include="client\sources\inventory\inventory.hpp">
      <Filter>Header Files</Filter>
    </ClInclude>
    <ClInclude Include="client\sources\menus\multiplayerselector\multiplayerSelector.hpp">
      <Filter>Header Files</Filter>
    </ClInclude>
    <ClInclude Include="client\sources\menus\startmenu\startMenu.hpp">
      <Filter>Header Files</Filter>
    </ClInclude>
    <ClInclude Include="client\sources\menus\worldcreator\worldCreator.hpp">
      <Filter>Header Files</Filter>
    </ClInclude>
    <ClInclude Include="client\sources\menus\worldselector\worldSelector.hpp">
      <Filter>Header Files</Filter>
    </ClInclude>
    <ClInclude Include="client\sources\textscreen\textScreen.hpp">
      <Filter>Header Files</Filter>
    </ClInclude>
    <ClInclude Include="Client\Graphics\graphics.hpp">
      <Filter>Header Files</Filter>
    </ClInclude>
    <ClInclude Include="Client\Graphics\graphics-internal.hpp">
      <Filter>Header Files</Filter>
    </ClInclude>
  </ItemGroup>
</Project>