<?xml version="1.0" encoding="utf-8"?>
<Project ToolsVersion="4.0" xmlns="http://schemas.microsoft.com/developer/msbuild/2003">
  <ItemGroup>
    <Filter Include="Source Files">
      <UniqueIdentifier>{4FC737F1-C7A5-4376-A066-2A32D752A2FF}</UniqueIdentifier>
      <Extensions>cpp;c;cc;cxx;def;odl;idl;hpj;bat;asm;asmx</Extensions>
    </Filter>
    <Filter Include="Header Files">
      <UniqueIdentifier>{93995380-89BD-4b04-88EB-625FBE52EBFB}</UniqueIdentifier>
      <Extensions>h;hh;hpp;hxx;hm;inl;inc;xsd</Extensions>
    </Filter>
    <Filter Include="Resource Files">
      <UniqueIdentifier>{67DA6AB6-F800-4c08-8B7A-83BB121AAD01}</UniqueIdentifier>
      <Extensions>rc;ico;cur;bmp;dlg;rc2;rct;bin;rgs;gif;jpg;jpeg;jpe;resx;tiff;tif;png;wav</Extensions>
    </Filter>
    <Filter Include="Source Files\Client">
      <UniqueIdentifier>{8b0a7228-5e77-4809-af1a-581f914ae0d2}</UniqueIdentifier>
    </Filter>
    <Filter Include="Source Files\Client\Graphics">
      <UniqueIdentifier>{33950fba-29fe-44f6-b805-c550d6534b40}</UniqueIdentifier>
    </Filter>
    <Filter Include="Source Files\Client\Sources">
      <UniqueIdentifier>{24fdff1a-28af-4b1e-a624-f2882be91784}</UniqueIdentifier>
    </Filter>
    <Filter Include="Source Files\Client\Sources\menus">
      <UniqueIdentifier>{33c22192-b458-47ed-89aa-986087ebbb8f}</UniqueIdentifier>
    </Filter>
    <Filter Include="Source Files\Client\Sources\fileManager">
      <UniqueIdentifier>{f1388367-3ad0-4673-9ab1-3c47f95dcf22}</UniqueIdentifier>
    </Filter>
    <Filter Include="Source Files\Client\Sources\game">
      <UniqueIdentifier>{facc8b99-a7d1-4cd6-90dd-ca296ba448e9}</UniqueIdentifier>
    </Filter>
    <Filter Include="Source Files\Client\Sources\inventory">
      <UniqueIdentifier>{eacc7d46-798f-4675-9b50-b8ff94fa333c}</UniqueIdentifier>
    </Filter>
    <Filter Include="Source Files\Client\Sources\main">
      <UniqueIdentifier>{27d6f4da-9133-4df7-80f3-af5d77055bad}</UniqueIdentifier>
    </Filter>
    <Filter Include="Source Files\Client\Sources\fileManager\sago">
      <UniqueIdentifier>{e7f2e1cf-5d17-4f8f-bfa3-d72cc3aa3e50}</UniqueIdentifier>
    </Filter>
    <Filter Include="Source Files\Client\Sources\menus\multiplayerSelector">
      <UniqueIdentifier>{278447e7-6cd0-44c6-ae6b-9dba134298cf}</UniqueIdentifier>
    </Filter>
    <Filter Include="Source Files\Client\Sources\menus\notifyingScreen">
      <UniqueIdentifier>{d0eee5ff-e0b9-4253-a76e-591f05de872b}</UniqueIdentifier>
    </Filter>
    <Filter Include="Source Files\Client\Sources\menus\startMenu">
      <UniqueIdentifier>{71a52f41-d0cd-4031-bd61-b28bb1bcc602}</UniqueIdentifier>
    </Filter>
    <Filter Include="Source Files\Client\Sources\menus\textScreen">
      <UniqueIdentifier>{841bc639-4fbd-4633-aa42-3d88a8102267}</UniqueIdentifier>
    </Filter>
    <Filter Include="Source Files\Client\Sources\menus\worldCreator">
      <UniqueIdentifier>{f5da8703-b217-45b0-8647-0d108c99bf23}</UniqueIdentifier>
    </Filter>
    <Filter Include="Source Files\Client\Sources\menus\worldSelector">
      <UniqueIdentifier>{e51f01f7-2464-4c28-b8dc-506b386545fe}</UniqueIdentifier>
    </Filter>
    <Filter Include="Source Files\Client\Sources\game\clientNetworking">
      <UniqueIdentifier>{60e1d7ba-0059-48fc-9c34-fb3f54c05ff8}</UniqueIdentifier>
    </Filter>
    <Filter Include="Source Files\Client\Sources\game\Modules">
      <UniqueIdentifier>{48acc896-dd7c-4afe-9d60-02b2ba1c3f0d}</UniqueIdentifier>
    </Filter>
    <Filter Include="Source Files\Client\Sources\game\playerRenderer">
      <UniqueIdentifier>{f9ffc2a2-e6ad-4b12-ae18-4615a5cf1943}</UniqueIdentifier>
    </Filter>
    <Filter Include="Source Files\Client\Sources\game\Modules\clientMap">
      <UniqueIdentifier>{f7cf696f-3daf-4ff8-a9d2-b3902c4dce4e}</UniqueIdentifier>
    </Filter>
    <Filter Include="Source Files\Client\Sources\game\Modules\otherPlayers">
      <UniqueIdentifier>{3e3e072d-b298-42c7-9f6d-27a60ccd3b90}</UniqueIdentifier>
    </Filter>
    <Filter Include="Source Files\Client\Sources\game\Modules\pauseScreen">
      <UniqueIdentifier>{cc0b0b80-82ca-422a-a908-98434faca6fd}</UniqueIdentifier>
    </Filter>
    <Filter Include="Source Files\Client\Sources\game\Modules\playerHandler">
      <UniqueIdentifier>{50524a4f-0279-472d-8c02-9838a5ba1136}</UniqueIdentifier>
    </Filter>
    <Filter Include="Source Files\Server">
      <UniqueIdentifier>{f4faf368-76e6-4901-988d-3f27a44f1341}</UniqueIdentifier>
    </Filter>
    <Filter Include="Source Files\Libraries">
      <UniqueIdentifier>{746b68a8-4583-4212-a3b2-89294bc12fba}</UniqueIdentifier>
    </Filter>
    <Filter Include="Source Files\Libraries\packets">
      <UniqueIdentifier>{f763db42-9ee9-45c0-ad41-c435ed138376}</UniqueIdentifier>
    </Filter>
    <Filter Include="Source Files\Server\print">
      <UniqueIdentifier>{deed636a-7f05-4ffc-ba88-298906c2fa42}</UniqueIdentifier>
    </Filter>
    <Filter Include="Source Files\Server\server">
      <UniqueIdentifier>{b8f887ff-f77d-4497-8f1b-f43f5877abb2}</UniqueIdentifier>
    </Filter>
    <Filter Include="Source Files\Server\serverMap">
      <UniqueIdentifier>{59b7a1d6-a5fa-4770-a443-dc83b0f40ead}</UniqueIdentifier>
    </Filter>
    <Filter Include="Source Files\Server\serverNetworking">
      <UniqueIdentifier>{bb035266-b5b0-44ec-b870-313ae9c11cd3}</UniqueIdentifier>
    </Filter>
    <Filter Include="Source Files\Server\terrainGenerator">
      <UniqueIdentifier>{e06109c7-065f-4daa-9e3f-ccdb8bfb207e}</UniqueIdentifier>
    </Filter>
    <Filter Include="Source Files\Server\worldSaver">
      <UniqueIdentifier>{7ca8910c-dc97-4bd9-937d-c96c4bb3f520}</UniqueIdentifier>
    </Filter>
    <Filter Include="Source Files\Server\terrainGenerator\simplexNoise">
      <UniqueIdentifier>{a44b4a50-2d82-4d05-a10a-0ffab22fa1be}</UniqueIdentifier>
    </Filter>
    <Filter Include="Source Files\Libraries\configManager">
      <UniqueIdentifier>{93214607-b6ff-40a7-a03b-9cde84171b20}</UniqueIdentifier>
    </Filter>
  </ItemGroup>
  <ItemGroup>
    <ClCompile Include="Client\Graphics\drawables.cpp">
      <Filter>Source Files\Client\Graphics</Filter>
    </ClCompile>
    <ClCompile Include="Client\Graphics\gfx.cpp">
      <Filter>Source Files\Client\Graphics</Filter>
    </ClCompile>
    <ClCompile Include="Client\Graphics\render.cpp">
      <Filter>Source Files\Client\Graphics</Filter>
    </ClCompile>
    <ClCompile Include="Client\Graphics\scenes.cpp">
      <Filter>Source Files\Client\Graphics</Filter>
    </ClCompile>
    <ClCompile Include="client\sources\main\main.cpp">
      <Filter>Source Files\Client\Sources\main</Filter>
    </ClCompile>
    <ClCompile Include="client\sources\inventory\inventory.cpp">
      <Filter>Source Files\Client\Sources\inventory</Filter>
    </ClCompile>
    <ClCompile Include="client\sources\inventory\inventoryItem.cpp">
      <Filter>Source Files\Client\Sources\inventory</Filter>
    </ClCompile>
    <ClCompile Include="client\sources\game\game.cpp">
      <Filter>Source Files\Client\Sources\game</Filter>
    </ClCompile>
    <ClCompile Include="client\sources\filemanager\sago\sago.cpp">
      <Filter>Source Files\Client\Sources\fileManager\sago</Filter>
    </ClCompile>
    <ClCompile Include="client\sources\filemanager\fileManager.cpp">
      <Filter>Source Files\Client\Sources\fileManager</Filter>
    </ClCompile>
    <ClCompile Include="client\sources\menus\multiplayerselector\multiplayerSelector.cpp">
      <Filter>Source Files\Client\Sources\menus\multiplayerSelector</Filter>
    </ClCompile>
    <ClCompile Include="client\sources\menus\worldselector\worldSelector.cpp">
      <Filter>Source Files\Client\Sources\menus\worldSelector</Filter>
    </ClCompile>
    <ClCompile Include="client\sources\menus\worldcreator\worldCreator.cpp">
      <Filter>Source Files\Client\Sources\menus\worldCreator</Filter>
    </ClCompile>
    <ClCompile Include="Client\Sources\menus\textScreen\textScreen.cpp">
      <Filter>Source Files\Client\Sources\menus\textScreen</Filter>
    </ClCompile>
    <ClCompile Include="client\sources\menus\startmenu\startMenu.cpp">
      <Filter>Source Files\Client\Sources\menus\startMenu</Filter>
    </ClCompile>
    <ClCompile Include="Client\Sources\menus\notifyingScreen\notifyingScreen.cpp">
      <Filter>Source Files\Client\Sources\menus\notifyingScreen</Filter>
    </ClCompile>
    <ClCompile Include="client\sources\game\playerrenderer\playerRenderer.cpp">
      <Filter>Source Files\Client\Sources\game\playerRenderer</Filter>
    </ClCompile>
    <ClCompile Include="client\sources\game\clientnetworking\clientNetworking.cpp">
      <Filter>Source Files\Client\Sources\game\clientNetworking</Filter>
    </ClCompile>
    <ClCompile Include="Client\Sources\game\Modules\clientMap\clientMap.cpp">
      <Filter>Source Files\Client\Sources\game\Modules\clientMap</Filter>
    </ClCompile>
    <ClCompile Include="client\sources\game\modules\clientmap\chunk.cpp">
      <Filter>Source Files\Client\Sources\game\Modules\clientMap</Filter>
    </ClCompile>
    <ClCompile Include="Client\Sources\game\Modules\clientMap\block.cpp">
      <Filter>Source Files\Client\Sources\game\Modules\clientMap</Filter>
    </ClCompile>
    <ClCompile Include="client\sources\game\modules\clientmap\item.cpp">
      <Filter>Source Files\Client\Sources\game\Modules\clientMap</Filter>
    </ClCompile>
    <ClCompile Include="client\sources\game\modules\pausescreen\pauseScreen.cpp">
      <Filter>Source Files\Client\Sources\game\Modules\pauseScreen</Filter>
    </ClCompile>
    <ClCompile Include="client\sources\game\modules\playerhandler\blockSelector.cpp">
      <Filter>Source Files\Client\Sources\game\Modules\playerHandler</Filter>
    </ClCompile>
    <ClCompile Include="client\sources\game\modules\otherplayers\otherPlayers.cpp">
      <Filter>Source Files\Client\Sources\game\Modules\otherPlayers</Filter>
    </ClCompile>
    <ClCompile Include="client\sources\game\modules\playerhandler\inventoryRenderer.cpp">
      <Filter>Source Files\Client\Sources\game\Modules\playerHandler</Filter>
    </ClCompile>
    <ClCompile Include="client\sources\game\modules\playerhandler\playerHandler.cpp">
      <Filter>Source Files\Client\Sources\game\Modules\playerHandler</Filter>
    </ClCompile>
    <ClCompile Include="Libraries\packets\packets.cpp">
      <Filter>Source Files\Libraries\packets</Filter>
    </ClCompile>
    <ClCompile Include="server\servermap\light.cpp">
      <Filter>Source Files\Server\serverMap</Filter>
    </ClCompile>
    <ClCompile Include="server\worldsaver\worldSaver.cpp">
      <Filter>Source Files\Server\worldSaver</Filter>
    </ClCompile>
    <ClCompile Include="server\print\print.cpp">
      <Filter>Source Files\Server\print</Filter>
    </ClCompile>
    <ClCompile Include="server\server\server.cpp">
      <Filter>Source Files\Server\server</Filter>
    </ClCompile>
    <ClCompile Include="server\servernetworking\serverNetworking.cpp">
      <Filter>Source Files\Server\serverNetworking</Filter>
    </ClCompile>
    <ClCompile Include="server\terraingenerator\terrainGenerator.cpp">
      <Filter>Source Files\Server\terrainGenerator</Filter>
    </ClCompile>
    <ClCompile Include="server\servermap\player.cpp">
      <Filter>Source Files\Server\serverMap</Filter>
    </ClCompile>
    <ClCompile Include="server\servermap\block.cpp">
      <Filter>Source Files\Server\serverMap</Filter>
    </ClCompile>
    <ClCompile Include="server\servermap\inventory.cpp">
      <Filter>Source Files\Server\serverMap</Filter>
    </ClCompile>
    <ClCompile Include="server\servermap\item.cpp">
      <Filter>Source Files\Server\serverMap</Filter>
    </ClCompile>
    <ClCompile Include="server\servermap\serverMap.cpp">
      <Filter>Source Files\Server\serverMap</Filter>
    </ClCompile>
    <ClCompile Include="server\servermap\packets.cpp">
      <Filter>Source Files\Server\serverMap</Filter>
    </ClCompile>
    <ClCompile Include="Libraries\configManager\configManager.cpp">
      <Filter>Source Files\Libraries\configManager</Filter>
    </ClCompile>
    <ClCompile Include="Server\terrainGenerator\simplexNoise\SimplexNoise.cpp">
      <Filter>Source Files\Server\terrainGenerator\simplexNoise</Filter>
    </ClCompile>
    <ClCompile Include="Server\serverMap\liquid.cpp">
      <Filter>Source Files\Server\serverMap</Filter>
    </ClCompile>
    <ClCompile Include="Client\Sources\game\Modules\clientMap\liquid.cpp">
      <Filter>Source Files\Client\Sources\game\Modules\clientMap</Filter>
    </ClCompile>
  </ItemGroup>
  <ItemGroup>
    <ClInclude Include="server\clickevents\clickEvents.hpp">
      <Filter>Header Files</Filter>
    </ClInclude>
    <ClInclude Include="server\print\print.hpp">
      <Filter>Header Files</Filter>
    </ClInclude>
    <ClInclude Include="server\server\server.hpp">
      <Filter>Header Files</Filter>
    </ClInclude>
    <ClInclude Include="server\servermap\serverMap.hpp">
      <Filter>Header Files</Filter>
    </ClInclude>
    <ClInclude Include="server\servernetworking\serverNetworking.hpp">
      <Filter>Header Files</Filter>
    </ClInclude>
    <ClInclude Include="server\terraingenerator\terrainGenerator.hpp">
      <Filter>Header Files</Filter>
    </ClInclude>
    <ClInclude Include="server\terraingenerator\simplexnoise\simplex-noise.hpp">
      <Filter>Header Files</Filter>
    </ClInclude>
    <ClInclude Include="server\worldsaver\worldSaver.hpp">
      <Filter>Header Files</Filter>
    </ClInclude>
    <ClInclude Include="libraries\assert\assert.hpp">
      <Filter>Header Files</Filter>
    </ClInclude>
    <ClInclude Include="libraries\assert\debugBreak.hpp">
      <Filter>Header Files</Filter>
    </ClInclude>
    <ClInclude Include="libraries\filesystem\fileSystem.hpp">
      <Filter>Header Files</Filter>
    </ClInclude>
    <ClInclude Include="libraries\packets\packets.hpp">
      <Filter>Header Files</Filter>
    </ClInclude>
    <ClInclude Include="client\sources\filemanager\fileManager.hpp">
      <Filter>Header Files</Filter>
    </ClInclude>
    <ClInclude Include="client\sources\filemanager\sago\platform_folders.h">
      <Filter>Header Files</Filter>
    </ClInclude>
    <ClInclude Include="client\sources\game\game.hpp">
      <Filter>Header Files</Filter>
    </ClInclude>
    <ClInclude Include="client\sources\game\clientnetworking\clientNetworking.hpp">
      <Filter>Header Files</Filter>
    </ClInclude>
    <ClInclude Include="client\sources\game\generatingscreen\generatingScreen.hpp">
      <Filter>Header Files</Filter>
    </ClInclude>
    <ClInclude Include="client\sources\game\modules\clientmap\clientMap.hpp">
      <Filter>Header Files</Filter>
    </ClInclude>
    <ClInclude Include="client\sources\game\modules\otherplayers\otherPlayers.hpp">
      <Filter>Header Files</Filter>
    </ClInclude>
    <ClInclude Include="client\sources\game\modules\pausescreen\pauseScreen.hpp">
      <Filter>Header Files</Filter>
    </ClInclude>
    <ClInclude Include="client\sources\game\modules\playerhandler\playerHandler.hpp">
      <Filter>Header Files</Filter>
    </ClInclude>
    <ClInclude Include="client\sources\game\playerrenderer\playerRenderer.hpp">
      <Filter>Header Files</Filter>
    </ClInclude>
    <ClInclude Include="client\sources\inventory\inventory.hpp">
      <Filter>Header Files</Filter>
    </ClInclude>
    <ClInclude Include="client\sources\menus\multiplayerselector\multiplayerSelector.hpp">
      <Filter>Header Files</Filter>
    </ClInclude>
    <ClInclude Include="client\sources\menus\startmenu\startMenu.hpp">
      <Filter>Header Files</Filter>
    </ClInclude>
    <ClInclude Include="client\sources\menus\worldcreator\worldCreator.hpp">
      <Filter>Header Files</Filter>
    </ClInclude>
    <ClInclude Include="client\sources\menus\worldselector\worldSelector.hpp">
      <Filter>Header Files</Filter>
    </ClInclude>
    <ClInclude Include="client\sources\textscreen\textScreen.hpp">
      <Filter>Header Files</Filter>
    </ClInclude>
    <ClInclude Include="Client\Graphics\graphics.hpp">
      <Filter>Header Files</Filter>
    </ClInclude>
    <ClInclude Include="Client\Graphics\graphics-internal.hpp">
      <Filter>Header Files</Filter>
    </ClInclude>
    <ClInclude Include="Libraries\configManager\configManager.hpp">
      <Filter>Header Files</Filter>
    </ClInclude>
  </ItemGroup>
</Project>