// !$*UTF8*$!
{
	archiveVersion = 1;
	classes = {
	};
	objectVersion = 50;
	objects = {

/* Begin PBXBuildFile section */
		1661660125EA3656002A3815 /* sago.cpp in Sources */ = {isa = PBXBuildFile; fileRef = 1689687925E9607800D26060 /* sago.cpp */; };
		1661660225EA3656002A3815 /* fileSystem.cpp in Sources */ = {isa = PBXBuildFile; fileRef = 1689687A25E9607800D26060 /* fileSystem.cpp */; };
		1661660325EA3656002A3815 /* packets.cpp in Sources */ = {isa = PBXBuildFile; fileRef = 1689687D25E9607800D26060 /* packets.cpp */; };
		1661660425EA3656002A3815 /* inventoryItem.cpp in Sources */ = {isa = PBXBuildFile; fileRef = 1689688025E9607800D26060 /* inventoryItem.cpp */; };
		1661660525EA3656002A3815 /* inventory.cpp in Sources */ = {isa = PBXBuildFile; fileRef = 1689688125E9607800D26060 /* inventory.cpp */; };
		1661660625EA3689002A3815 /* simplex-noise.cpp in Sources */ = {isa = PBXBuildFile; fileRef = 1689688625E9607800D26060 /* simplex-noise.cpp */; };
		1661660725EA3689002A3815 /* terrainGenerator.cpp in Sources */ = {isa = PBXBuildFile; fileRef = 1689688725E9607800D26060 /* terrainGenerator.cpp */; };
		1661660825EA3689002A3815 /* perlinNoise.cpp in Sources */ = {isa = PBXBuildFile; fileRef = 1689688925E9607800D26060 /* perlinNoise.cpp */; };
		1661661425EA3689002A3815 /* otherPlayers.cpp in Sources */ = {isa = PBXBuildFile; fileRef = 1689689825E9607800D26060 /* otherPlayers.cpp */; };
		1661661525EA3689002A3815 /* generatingScreen.cpp in Sources */ = {isa = PBXBuildFile; fileRef = 1689689C25E9607800D26060 /* generatingScreen.cpp */; };
		1661661625EA3689002A3815 /* networkingModule.cpp in Sources */ = {isa = PBXBuildFile; fileRef = 1689689F25E9607800D26060 /* networkingModule.cpp */; };
		1661661925EA3689002A3815 /* game.cpp in Sources */ = {isa = PBXBuildFile; fileRef = 168968A325E9607800D26060 /* game.cpp */; };
		1661661A25EA3689002A3815 /* worldSaver.cpp in Sources */ = {isa = PBXBuildFile; fileRef = 168968A625E9607800D26060 /* worldSaver.cpp */; };
		1661661B25EA3689002A3815 /* pauseScreen.cpp in Sources */ = {isa = PBXBuildFile; fileRef = 168968A925E9607800D26060 /* pauseScreen.cpp */; };
		1661661C25EA3689002A3815 /* playerHandler.cpp in Sources */ = {isa = PBXBuildFile; fileRef = 168968AB25E9607800D26060 /* playerHandler.cpp */; };
		1661662125EA3689002A3815 /* blockSelector.cpp in Sources */ = {isa = PBXBuildFile; fileRef = 168968B525E9607800D26060 /* blockSelector.cpp */; };
		1661662225EA3689002A3815 /* startMenu.cpp in Sources */ = {isa = PBXBuildFile; fileRef = 168968BA25E9607800D26060 /* startMenu.cpp */; };
		1661662325EA3689002A3815 /* multiplayerSelector.cpp in Sources */ = {isa = PBXBuildFile; fileRef = 168968BC25E9607800D26060 /* multiplayerSelector.cpp */; };
		1661662425EA3689002A3815 /* worldCreator.cpp in Sources */ = {isa = PBXBuildFile; fileRef = 168968C025E9607800D26060 /* worldCreator.cpp */; };
		1661662525EA3689002A3815 /* worldSelector.cpp in Sources */ = {isa = PBXBuildFile; fileRef = 168968C225E9607800D26060 /* worldSelector.cpp */; };
		1661662625EA3689002A3815 /* main.cpp in Sources */ = {isa = PBXBuildFile; fileRef = 168968C625E9607800D26060 /* main.cpp */; };
		1661662925EA377B002A3815 /* pixel_font.ttf in Resources */ = {isa = PBXBuildFile; fileRef = 1689692C25E9607800D26060 /* pixel_font.ttf */; };
		1661662A25EA377B002A3815 /* texturePack in Resources */ = {isa = PBXBuildFile; fileRef = 1689699A25E962F800D26060 /* texturePack */; };
		1661663C25EA5608002A3815 /* icon.icns in Resources */ = {isa = PBXBuildFile; fileRef = 1689692B25E9607800D26060 /* icon.icns */; };
		1661663D25EA561A002A3815 /* icon.icns in Resources */ = {isa = PBXBuildFile; fileRef = 1689692B25E9607800D26060 /* icon.icns */; };
		1662BC1F2635A9E70062DBB3 /* playerRenderer.cpp in Sources */ = {isa = PBXBuildFile; fileRef = 1662BC1D2635A9E70062DBB3 /* playerRenderer.cpp */; };
		1662BC202635AAE60062DBB3 /* playerRenderer.cpp in Sources */ = {isa = PBXBuildFile; fileRef = 1662BC1D2635A9E70062DBB3 /* playerRenderer.cpp */; };
		1689697725E9607900D26060 /* pixel_font.ttf in Resources */ = {isa = PBXBuildFile; fileRef = 1689692C25E9607800D26060 /* pixel_font.ttf */; };
		1689699B25E962F800D26060 /* texturePack in Resources */ = {isa = PBXBuildFile; fileRef = 1689699A25E962F800D26060 /* texturePack */; };
		168ABE9025F796BF00BBEA74 /* graphics-internal.hpp in Headers */ = {isa = PBXBuildFile; fileRef = 168ABE8F25F7967600BBEA74 /* graphics-internal.hpp */; settings = {ATTRIBUTES = (Private, ); }; };
		168ABE9225F79DB200BBEA74 /* scenes.cpp in Sources */ = {isa = PBXBuildFile; fileRef = 168ABE9125F79DB200BBEA74 /* scenes.cpp */; };
		168ABE9325F79DB200BBEA74 /* scenes.cpp in Sources */ = {isa = PBXBuildFile; fileRef = 168ABE9125F79DB200BBEA74 /* scenes.cpp */; };
		168ABE9525F7A1A900BBEA74 /* render.cpp in Sources */ = {isa = PBXBuildFile; fileRef = 168ABE9425F7A1A900BBEA74 /* render.cpp */; };
		168ABE9625F7A1A900BBEA74 /* render.cpp in Sources */ = {isa = PBXBuildFile; fileRef = 168ABE9425F7A1A900BBEA74 /* render.cpp */; };
		168D6D2B25FA8C6500A10457 /* drawables.cpp in Sources */ = {isa = PBXBuildFile; fileRef = 168D6D2A25FA8C6500A10457 /* drawables.cpp */; };
		168D6D2C25FA8C6500A10457 /* drawables.cpp in Sources */ = {isa = PBXBuildFile; fileRef = 168D6D2A25FA8C6500A10457 /* drawables.cpp */; };
		1691248F25F6B2CE00F7EB4F /* Graphics.framework in Frameworks */ = {isa = PBXBuildFile; fileRef = 1691248825F6B2CE00F7EB4F /* Graphics.framework */; };
		1691249025F6B2CE00F7EB4F /* Graphics.framework in Embed Frameworks */ = {isa = PBXBuildFile; fileRef = 1691248825F6B2CE00F7EB4F /* Graphics.framework */; settings = {ATTRIBUTES = (CodeSignOnCopy, RemoveHeadersOnCopy, ); }; };
		1691249E25F6B46800F7EB4F /* graphics.hpp in Headers */ = {isa = PBXBuildFile; fileRef = 1691249825F6B38200F7EB4F /* graphics.hpp */; settings = {ATTRIBUTES = (Public, ); }; };
		169124AD25F6B75500F7EB4F /* SDL2_image.framework in Frameworks */ = {isa = PBXBuildFile; fileRef = 169124A125F6B70F00F7EB4F /* SDL2_image.framework */; };
		169124AE25F6B75500F7EB4F /* SDL2_image.framework in Embed Frameworks */ = {isa = PBXBuildFile; fileRef = 169124A125F6B70F00F7EB4F /* SDL2_image.framework */; settings = {ATTRIBUTES = (CodeSignOnCopy, RemoveHeadersOnCopy, ); }; };
		169124AF25F6B75500F7EB4F /* SDL2_ttf.framework in Frameworks */ = {isa = PBXBuildFile; fileRef = 169124A325F6B70F00F7EB4F /* SDL2_ttf.framework */; };
		169124B025F6B75500F7EB4F /* SDL2_ttf.framework in Embed Frameworks */ = {isa = PBXBuildFile; fileRef = 169124A325F6B70F00F7EB4F /* SDL2_ttf.framework */; settings = {ATTRIBUTES = (CodeSignOnCopy, RemoveHeadersOnCopy, ); }; };
		169124B125F6B75500F7EB4F /* SDL2.framework in Frameworks */ = {isa = PBXBuildFile; fileRef = 169124A225F6B70F00F7EB4F /* SDL2.framework */; };
		169124B225F6B75500F7EB4F /* SDL2.framework in Embed Frameworks */ = {isa = PBXBuildFile; fileRef = 169124A225F6B70F00F7EB4F /* SDL2.framework */; settings = {ATTRIBUTES = (CodeSignOnCopy, RemoveHeadersOnCopy, ); }; };
		169124CE25F6B8ED00F7EB4F /* graphics.hpp in Headers */ = {isa = PBXBuildFile; fileRef = 1691249825F6B38200F7EB4F /* graphics.hpp */; settings = {ATTRIBUTES = (Public, ); }; };
		169124D425F6BA7700F7EB4F /* SDL2_image.framework in Frameworks */ = {isa = PBXBuildFile; fileRef = 169124D125F6BA7700F7EB4F /* SDL2_image.framework */; };
		169124D525F6BA7700F7EB4F /* SDL2_image.framework in Embed Frameworks */ = {isa = PBXBuildFile; fileRef = 169124D125F6BA7700F7EB4F /* SDL2_image.framework */; settings = {ATTRIBUTES = (CodeSignOnCopy, RemoveHeadersOnCopy, ); }; };
		169124D625F6BA7700F7EB4F /* SDL2_ttf.framework in Frameworks */ = {isa = PBXBuildFile; fileRef = 169124D225F6BA7700F7EB4F /* SDL2_ttf.framework */; };
		169124D725F6BA7700F7EB4F /* SDL2_ttf.framework in Embed Frameworks */ = {isa = PBXBuildFile; fileRef = 169124D225F6BA7700F7EB4F /* SDL2_ttf.framework */; settings = {ATTRIBUTES = (CodeSignOnCopy, RemoveHeadersOnCopy, ); }; };
		169124D825F6BA7700F7EB4F /* SDL2.framework in Frameworks */ = {isa = PBXBuildFile; fileRef = 169124D325F6BA7700F7EB4F /* SDL2.framework */; };
		169124D925F6BA7700F7EB4F /* SDL2.framework in Embed Frameworks */ = {isa = PBXBuildFile; fileRef = 169124D325F6BA7700F7EB4F /* SDL2.framework */; settings = {ATTRIBUTES = (CodeSignOnCopy, RemoveHeadersOnCopy, ); }; };
		169124E425F6BC2400F7EB4F /* main.cpp in Sources */ = {isa = PBXBuildFile; fileRef = 169124E325F6BC2400F7EB4F /* main.cpp */; };
		169124E525F6BC2400F7EB4F /* main.cpp in Sources */ = {isa = PBXBuildFile; fileRef = 169124E325F6BC2400F7EB4F /* main.cpp */; };
		169124E825F6BCD400F7EB4F /* sago.cpp in Sources */ = {isa = PBXBuildFile; fileRef = 1689687925E9607800D26060 /* sago.cpp */; };
		169124E925F6BCD400F7EB4F /* fileSystem.cpp in Sources */ = {isa = PBXBuildFile; fileRef = 1689687A25E9607800D26060 /* fileSystem.cpp */; };
		169124EA25F6BCD400F7EB4F /* packets.cpp in Sources */ = {isa = PBXBuildFile; fileRef = 1689687D25E9607800D26060 /* packets.cpp */; };
		169124EB25F6BCD400F7EB4F /* inventoryItem.cpp in Sources */ = {isa = PBXBuildFile; fileRef = 1689688025E9607800D26060 /* inventoryItem.cpp */; };
		169124EC25F6BCD400F7EB4F /* inventory.cpp in Sources */ = {isa = PBXBuildFile; fileRef = 1689688125E9607800D26060 /* inventory.cpp */; };
		169124ED25F6BCD400F7EB4F /* simplex-noise.cpp in Sources */ = {isa = PBXBuildFile; fileRef = 1689688625E9607800D26060 /* simplex-noise.cpp */; };
		169124EE25F6BCD400F7EB4F /* perlinNoise.cpp in Sources */ = {isa = PBXBuildFile; fileRef = 1689688925E9607800D26060 /* perlinNoise.cpp */; };
		169124EF25F6BCD400F7EB4F /* terrainGenerator.cpp in Sources */ = {isa = PBXBuildFile; fileRef = 1689688725E9607800D26060 /* terrainGenerator.cpp */; };
		1691250025F6BCD400F7EB4F /* otherPlayers.cpp in Sources */ = {isa = PBXBuildFile; fileRef = 1689689825E9607800D26060 /* otherPlayers.cpp */; };
		1691250125F6BCD400F7EB4F /* generatingScreen.cpp in Sources */ = {isa = PBXBuildFile; fileRef = 1689689C25E9607800D26060 /* generatingScreen.cpp */; };
		1691250225F6BCD500F7EB4F /* networkingModule.cpp in Sources */ = {isa = PBXBuildFile; fileRef = 1689689F25E9607800D26060 /* networkingModule.cpp */; };
		1691250525F6BCD500F7EB4F /* worldSaver.cpp in Sources */ = {isa = PBXBuildFile; fileRef = 168968A625E9607800D26060 /* worldSaver.cpp */; };
		1691250625F6BCD500F7EB4F /* pauseScreen.cpp in Sources */ = {isa = PBXBuildFile; fileRef = 168968A925E9607800D26060 /* pauseScreen.cpp */; };
		1691250725F6BCD500F7EB4F /* playerHandler.cpp in Sources */ = {isa = PBXBuildFile; fileRef = 168968AB25E9607800D26060 /* playerHandler.cpp */; };
		1691250825F6BCD500F7EB4F /* blockSelector.cpp in Sources */ = {isa = PBXBuildFile; fileRef = 168968B525E9607800D26060 /* blockSelector.cpp */; };
		1691250A25F6BCD500F7EB4F /* game.cpp in Sources */ = {isa = PBXBuildFile; fileRef = 168968A325E9607800D26060 /* game.cpp */; };
		1691250B25F6BCD500F7EB4F /* startMenu.cpp in Sources */ = {isa = PBXBuildFile; fileRef = 168968BA25E9607800D26060 /* startMenu.cpp */; };
		1691250C25F6BCD500F7EB4F /* multiplayerSelector.cpp in Sources */ = {isa = PBXBuildFile; fileRef = 168968BC25E9607800D26060 /* multiplayerSelector.cpp */; };
		1691250D25F6BCD500F7EB4F /* worldCreator.cpp in Sources */ = {isa = PBXBuildFile; fileRef = 168968C025E9607800D26060 /* worldCreator.cpp */; };
		1691250E25F6BCD500F7EB4F /* worldSelector.cpp in Sources */ = {isa = PBXBuildFile; fileRef = 168968C225E9607800D26060 /* worldSelector.cpp */; };
		1691250F25F6BCD500F7EB4F /* main.cpp in Sources */ = {isa = PBXBuildFile; fileRef = 168968C625E9607800D26060 /* main.cpp */; };
		1691251025F6BF4800F7EB4F /* Graphics_Debug.framework in Frameworks */ = {isa = PBXBuildFile; fileRef = 169124BF25F6B89700F7EB4F /* Graphics_Debug.framework */; };
		1691251125F6BF4800F7EB4F /* Graphics_Debug.framework in Embed Frameworks */ = {isa = PBXBuildFile; fileRef = 169124BF25F6B89700F7EB4F /* Graphics_Debug.framework */; settings = {ATTRIBUTES = (CodeSignOnCopy, RemoveHeadersOnCopy, ); }; };
		16A09613261D9A1D008B2BBB /* item.cpp in Sources */ = {isa = PBXBuildFile; fileRef = 36F45E7E261CCD5600C751E4 /* item.cpp */; };
		3611F0AC260E3D0900127A55 /* textScreen.cpp in Sources */ = {isa = PBXBuildFile; fileRef = 3611F0AA260E3D0900127A55 /* textScreen.cpp */; };
		3611F0AD260E3E4100127A55 /* textScreen.cpp in Sources */ = {isa = PBXBuildFile; fileRef = 3611F0AA260E3D0900127A55 /* textScreen.cpp */; };
		3619ACF426185E3700BA4EAF /* SDL2_image.framework in Frameworks */ = {isa = PBXBuildFile; fileRef = 169124A125F6B70F00F7EB4F /* SDL2_image.framework */; };
		3619ACF526185E3700BA4EAF /* SDL2_ttf.framework in Frameworks */ = {isa = PBXBuildFile; fileRef = 169124A325F6B70F00F7EB4F /* SDL2_ttf.framework */; };
		3619ACF626185E3700BA4EAF /* SDL2.framework in Frameworks */ = {isa = PBXBuildFile; fileRef = 169124A225F6B70F00F7EB4F /* SDL2.framework */; };
		3619ACF726185E5300BA4EAF /* SDL2_image.framework in Frameworks */ = {isa = PBXBuildFile; fileRef = 169124D125F6BA7700F7EB4F /* SDL2_image.framework */; };
		3619ACF826185E5300BA4EAF /* SDL2_ttf.framework in Frameworks */ = {isa = PBXBuildFile; fileRef = 169124D225F6BA7700F7EB4F /* SDL2_ttf.framework */; };
		3619ACF926185E5300BA4EAF /* SDL2.framework in Frameworks */ = {isa = PBXBuildFile; fileRef = 169124D325F6BA7700F7EB4F /* SDL2.framework */; };
		3619ACFE26187C4B00BA4EAF /* inventoryRenderer.cpp in Sources */ = {isa = PBXBuildFile; fileRef = 3619ACFC26187C4B00BA4EAF /* inventoryRenderer.cpp */; };
		3619ACFF261889E200BA4EAF /* inventoryRenderer.cpp in Sources */ = {isa = PBXBuildFile; fileRef = 3619ACFC26187C4B00BA4EAF /* inventoryRenderer.cpp */; };
		36F45E762619E68900C751E4 /* map.cpp in Sources */ = {isa = PBXBuildFile; fileRef = 36F45E742619E68900C751E4 /* map.cpp */; };
		36F45E772619E7FA00C751E4 /* map.cpp in Sources */ = {isa = PBXBuildFile; fileRef = 36F45E742619E68900C751E4 /* map.cpp */; };
		36F45E79261B662000C751E4 /* block.cpp in Sources */ = {isa = PBXBuildFile; fileRef = 36F45E78261B662000C751E4 /* block.cpp */; };
		36F45E7B261B69A600C751E4 /* light.cpp in Sources */ = {isa = PBXBuildFile; fileRef = 36F45E7A261B69A600C751E4 /* light.cpp */; };
		36F45E7C261B6B0400C751E4 /* block.cpp in Sources */ = {isa = PBXBuildFile; fileRef = 36F45E78261B662000C751E4 /* block.cpp */; };
		36F45E7D261B6B0400C751E4 /* light.cpp in Sources */ = {isa = PBXBuildFile; fileRef = 36F45E7A261B69A600C751E4 /* light.cpp */; };
		36F45E7F261CCD5600C751E4 /* item.cpp in Sources */ = {isa = PBXBuildFile; fileRef = 36F45E7E261CCD5600C751E4 /* item.cpp */; };
		36F45E812620A01900C751E4 /* itemRenderer.cpp in Sources */ = {isa = PBXBuildFile; fileRef = 36F45E802620A01900C751E4 /* itemRenderer.cpp */; };
		36F45E822620A1C100C751E4 /* itemRenderer.cpp in Sources */ = {isa = PBXBuildFile; fileRef = 36F45E802620A01900C751E4 /* itemRenderer.cpp */; };
		36F45E842620A84F00C751E4 /* packets.cpp in Sources */ = {isa = PBXBuildFile; fileRef = 36F45E832620A84F00C751E4 /* packets.cpp */; };
		36F45E862620A87B00C751E4 /* block.cpp in Sources */ = {isa = PBXBuildFile; fileRef = 36F45E852620A87B00C751E4 /* block.cpp */; };
		36F45E882620A88400C751E4 /* chunk.cpp in Sources */ = {isa = PBXBuildFile; fileRef = 36F45E872620A88400C751E4 /* chunk.cpp */; };
		36F45E8A2620A89000C751E4 /* blockRenderer.cpp in Sources */ = {isa = PBXBuildFile; fileRef = 36F45E892620A89000C751E4 /* blockRenderer.cpp */; };
		36F45E8B2620A8EF00C751E4 /* packets.cpp in Sources */ = {isa = PBXBuildFile; fileRef = 36F45E832620A84F00C751E4 /* packets.cpp */; };
		36F45E8C2620A8F000C751E4 /* block.cpp in Sources */ = {isa = PBXBuildFile; fileRef = 36F45E852620A87B00C751E4 /* block.cpp */; };
		36F45E8D2620A8F100C751E4 /* chunk.cpp in Sources */ = {isa = PBXBuildFile; fileRef = 36F45E872620A88400C751E4 /* chunk.cpp */; };
		36F45E8E2620A8F200C751E4 /* blockRenderer.cpp in Sources */ = {isa = PBXBuildFile; fileRef = 36F45E892620A89000C751E4 /* blockRenderer.cpp */; };
/* End PBXBuildFile section */

/* Begin PBXContainerItemProxy section */
		1691248D25F6B2CE00F7EB4F /* PBXContainerItemProxy */ = {
			isa = PBXContainerItemProxy;
			containerPortal = 1689684E25E95FD000D26060 /* Project object */;
			proxyType = 1;
			remoteGlobalIDString = 1691248725F6B2CE00F7EB4F;
			remoteInfo = Graphics;
		};
		1691251225F6BF4800F7EB4F /* PBXContainerItemProxy */ = {
			isa = PBXContainerItemProxy;
			containerPortal = 1689684E25E95FD000D26060 /* Project object */;
			proxyType = 1;
			remoteGlobalIDString = 169124BE25F6B89700F7EB4F;
			remoteInfo = "Graphics-Debug";
		};
/* End PBXContainerItemProxy section */

/* Begin PBXCopyFilesBuildPhase section */
		166165DA25EA3242002A3815 /* Embed Frameworks */ = {
			isa = PBXCopyFilesBuildPhase;
			buildActionMask = 2147483647;
			dstPath = "";
			dstSubfolderSpec = 10;
			files = (
				1691249025F6B2CE00F7EB4F /* Graphics.framework in Embed Frameworks */,
			);
			name = "Embed Frameworks";
			runOnlyForDeploymentPostprocessing = 0;
		};
		169124B325F6B75500F7EB4F /* Embed Frameworks */ = {
			isa = PBXCopyFilesBuildPhase;
			buildActionMask = 2147483647;
			dstPath = "";
			dstSubfolderSpec = 10;
			files = (
				169124B225F6B75500F7EB4F /* SDL2.framework in Embed Frameworks */,
				169124B025F6B75500F7EB4F /* SDL2_ttf.framework in Embed Frameworks */,
				169124AE25F6B75500F7EB4F /* SDL2_image.framework in Embed Frameworks */,
			);
			name = "Embed Frameworks";
			runOnlyForDeploymentPostprocessing = 0;
		};
		169124DA25F6BA7700F7EB4F /* Embed Frameworks */ = {
			isa = PBXCopyFilesBuildPhase;
			buildActionMask = 2147483647;
			dstPath = "";
			dstSubfolderSpec = 10;
			files = (
				169124D925F6BA7700F7EB4F /* SDL2.framework in Embed Frameworks */,
				169124D725F6BA7700F7EB4F /* SDL2_ttf.framework in Embed Frameworks */,
				169124D525F6BA7700F7EB4F /* SDL2_image.framework in Embed Frameworks */,
			);
			name = "Embed Frameworks";
			runOnlyForDeploymentPostprocessing = 0;
		};
		169124E225F6BABA00F7EB4F /* Embed Frameworks */ = {
			isa = PBXCopyFilesBuildPhase;
			buildActionMask = 2147483647;
			dstPath = "";
			dstSubfolderSpec = 10;
			files = (
				1691251125F6BF4800F7EB4F /* Graphics_Debug.framework in Embed Frameworks */,
			);
			name = "Embed Frameworks";
			runOnlyForDeploymentPostprocessing = 0;
		};
/* End PBXCopyFilesBuildPhase section */

/* Begin PBXFileReference section */
		1661657B25EA2D0D002A3815 /* Terralistic.app */ = {isa = PBXFileReference; explicitFileType = wrapper.application; includeInIndex = 0; path = Terralistic.app; sourceTree = BUILT_PRODUCTS_DIR; };
		1661658925EA2DDF002A3815 /* SDL2_ttf.framework */ = {isa = PBXFileReference; lastKnownFileType = wrapper.framework; name = SDL2_ttf.framework; path = Client/Frameworks/Release/SDL2_ttf.framework; sourceTree = "<group>"; };
		1661658A25EA2DDF002A3815 /* SDL2_image.framework */ = {isa = PBXFileReference; lastKnownFileType = wrapper.framework; name = SDL2_image.framework; path = Client/Frameworks/Release/SDL2_image.framework; sourceTree = "<group>"; };
		1661658B25EA2DDF002A3815 /* SDL2.framework */ = {isa = PBXFileReference; lastKnownFileType = wrapper.framework; name = SDL2.framework; path = Client/Frameworks/Release/SDL2.framework; sourceTree = "<group>"; };
		166165C925EA3233002A3815 /* SDL2_ttf.framework */ = {isa = PBXFileReference; lastKnownFileType = wrapper.framework; name = SDL2_ttf.framework; path = Client/Frameworks/Debug/SDL2_ttf.framework; sourceTree = "<group>"; };
		166165CA25EA3233002A3815 /* SDL2.framework */ = {isa = PBXFileReference; lastKnownFileType = wrapper.framework; name = SDL2.framework; path = Client/Frameworks/Debug/SDL2.framework; sourceTree = "<group>"; };
		166165CB25EA3233002A3815 /* SDL2_image.framework */ = {isa = PBXFileReference; lastKnownFileType = wrapper.framework; name = SDL2_image.framework; path = Client/Frameworks/Debug/SDL2_image.framework; sourceTree = "<group>"; };
		166165E325EA3617002A3815 /* Terralistic-Debug.app */ = {isa = PBXFileReference; explicitFileType = wrapper.application; includeInIndex = 0; path = "Terralistic-Debug.app"; sourceTree = BUILT_PRODUCTS_DIR; };
		1661662C25EA3882002A3815 /* Terralistic-Debug.app */ = {isa = PBXFileReference; lastKnownFileType = wrapper.application; name = "Terralistic-Debug.app"; path = "../Library/Developer/Xcode/DerivedData/Terralistic-ccxriuvresccdzaopctdceowetlr/Build/Products/Debug/Terralistic-Debug.app"; sourceTree = "<group>"; };
		1661662D25EA3882002A3815 /* Terralistic.app */ = {isa = PBXFileReference; lastKnownFileType = wrapper.application; name = Terralistic.app; path = "../Library/Developer/Xcode/DerivedData/Terralistic-ccxriuvresccdzaopctdceowetlr/Build/Products/Debug/Terralistic.app"; sourceTree = "<group>"; };
		1661663025EA4BBA002A3815 /* debugBreak.hpp */ = {isa = PBXFileReference; lastKnownFileType = sourcecode.cpp.h; path = debugBreak.hpp; sourceTree = "<group>"; };
		1662BC1D2635A9E70062DBB3 /* playerRenderer.cpp */ = {isa = PBXFileReference; lastKnownFileType = sourcecode.cpp.cpp; path = playerRenderer.cpp; sourceTree = "<group>"; };
		1662BC1E2635A9E70062DBB3 /* playerRenderer.hpp */ = {isa = PBXFileReference; lastKnownFileType = sourcecode.cpp.h; path = playerRenderer.hpp; sourceTree = "<group>"; };
		1689687625E9607800D26060 /* fileSystem.hpp */ = {isa = PBXFileReference; fileEncoding = 4; lastKnownFileType = sourcecode.cpp.h; path = fileSystem.hpp; sourceTree = "<group>"; };
		1689687825E9607800D26060 /* platform_folders.h */ = {isa = PBXFileReference; fileEncoding = 4; lastKnownFileType = sourcecode.c.h; path = platform_folders.h; sourceTree = "<group>"; };
		1689687925E9607800D26060 /* sago.cpp */ = {isa = PBXFileReference; fileEncoding = 4; lastKnownFileType = sourcecode.cpp.cpp; path = sago.cpp; sourceTree = "<group>"; };
		1689687A25E9607800D26060 /* fileSystem.cpp */ = {isa = PBXFileReference; fileEncoding = 4; lastKnownFileType = sourcecode.cpp.cpp; path = fileSystem.cpp; sourceTree = "<group>"; };
		1689687C25E9607800D26060 /* packets.hpp */ = {isa = PBXFileReference; fileEncoding = 4; lastKnownFileType = sourcecode.cpp.h; path = packets.hpp; sourceTree = "<group>"; };
		1689687D25E9607800D26060 /* packets.cpp */ = {isa = PBXFileReference; fileEncoding = 4; lastKnownFileType = sourcecode.cpp.cpp; path = packets.cpp; sourceTree = "<group>"; };
		1689687F25E9607800D26060 /* inventory.hpp */ = {isa = PBXFileReference; fileEncoding = 4; lastKnownFileType = sourcecode.cpp.h; path = inventory.hpp; sourceTree = "<group>"; };
		1689688025E9607800D26060 /* inventoryItem.cpp */ = {isa = PBXFileReference; fileEncoding = 4; lastKnownFileType = sourcecode.cpp.cpp; path = inventoryItem.cpp; sourceTree = "<group>"; };
		1689688125E9607800D26060 /* inventory.cpp */ = {isa = PBXFileReference; fileEncoding = 4; lastKnownFileType = sourcecode.cpp.cpp; path = inventory.cpp; sourceTree = "<group>"; };
		1689688325E9607800D26060 /* terrainGenerator.hpp */ = {isa = PBXFileReference; fileEncoding = 4; lastKnownFileType = sourcecode.cpp.h; path = terrainGenerator.hpp; sourceTree = "<group>"; };
		1689688525E9607800D26060 /* simplex-noise.hpp */ = {isa = PBXFileReference; fileEncoding = 4; lastKnownFileType = sourcecode.cpp.h; path = "simplex-noise.hpp"; sourceTree = "<group>"; };
		1689688625E9607800D26060 /* simplex-noise.cpp */ = {isa = PBXFileReference; fileEncoding = 4; lastKnownFileType = sourcecode.cpp.cpp; path = "simplex-noise.cpp"; sourceTree = "<group>"; };
		1689688725E9607800D26060 /* terrainGenerator.cpp */ = {isa = PBXFileReference; fileEncoding = 4; lastKnownFileType = sourcecode.cpp.cpp; path = terrainGenerator.cpp; sourceTree = "<group>"; };
		1689688925E9607800D26060 /* perlinNoise.cpp */ = {isa = PBXFileReference; fileEncoding = 4; lastKnownFileType = sourcecode.cpp.cpp; path = perlinNoise.cpp; sourceTree = "<group>"; };
		1689688A25E9607800D26060 /* perlinNoise.hpp */ = {isa = PBXFileReference; fileEncoding = 4; lastKnownFileType = sourcecode.cpp.h; path = perlinNoise.hpp; sourceTree = "<group>"; };
		1689689825E9607800D26060 /* otherPlayers.cpp */ = {isa = PBXFileReference; fileEncoding = 4; lastKnownFileType = sourcecode.cpp.cpp; path = otherPlayers.cpp; sourceTree = "<group>"; };
		1689689925E9607800D26060 /* otherPlayers.hpp */ = {isa = PBXFileReference; fileEncoding = 4; lastKnownFileType = sourcecode.cpp.h; path = otherPlayers.hpp; sourceTree = "<group>"; };
		1689689B25E9607800D26060 /* generatingScreen.hpp */ = {isa = PBXFileReference; fileEncoding = 4; lastKnownFileType = sourcecode.cpp.h; path = generatingScreen.hpp; sourceTree = "<group>"; };
		1689689C25E9607800D26060 /* generatingScreen.cpp */ = {isa = PBXFileReference; fileEncoding = 4; lastKnownFileType = sourcecode.cpp.cpp; path = generatingScreen.cpp; sourceTree = "<group>"; };
		1689689D25E9607800D26060 /* game.hpp */ = {isa = PBXFileReference; fileEncoding = 4; lastKnownFileType = sourcecode.cpp.h; path = game.hpp; sourceTree = "<group>"; };
		1689689F25E9607800D26060 /* networkingModule.cpp */ = {isa = PBXFileReference; fileEncoding = 4; lastKnownFileType = sourcecode.cpp.cpp; path = networkingModule.cpp; sourceTree = "<group>"; };
		168968A125E9607800D26060 /* networkingModule.hpp */ = {isa = PBXFileReference; fileEncoding = 4; lastKnownFileType = sourcecode.cpp.h; path = networkingModule.hpp; sourceTree = "<group>"; };
		168968A325E9607800D26060 /* game.cpp */ = {isa = PBXFileReference; fileEncoding = 4; lastKnownFileType = sourcecode.cpp.cpp; path = game.cpp; sourceTree = "<group>"; };
		168968A525E9607800D26060 /* worldSaver.hpp */ = {isa = PBXFileReference; fileEncoding = 4; lastKnownFileType = sourcecode.cpp.h; path = worldSaver.hpp; sourceTree = "<group>"; };
		168968A625E9607800D26060 /* worldSaver.cpp */ = {isa = PBXFileReference; fileEncoding = 4; lastKnownFileType = sourcecode.cpp.cpp; path = worldSaver.cpp; sourceTree = "<group>"; };
		168968A825E9607800D26060 /* pauseScreen.hpp */ = {isa = PBXFileReference; fileEncoding = 4; lastKnownFileType = sourcecode.cpp.h; path = pauseScreen.hpp; sourceTree = "<group>"; };
		168968A925E9607800D26060 /* pauseScreen.cpp */ = {isa = PBXFileReference; fileEncoding = 4; lastKnownFileType = sourcecode.cpp.cpp; path = pauseScreen.cpp; sourceTree = "<group>"; };
		168968AB25E9607800D26060 /* playerHandler.cpp */ = {isa = PBXFileReference; fileEncoding = 4; lastKnownFileType = sourcecode.cpp.cpp; path = playerHandler.cpp; sourceTree = "<group>"; };
		168968AC25E9607800D26060 /* playerHandler.hpp */ = {isa = PBXFileReference; fileEncoding = 4; lastKnownFileType = sourcecode.cpp.h; path = playerHandler.hpp; sourceTree = "<group>"; };
		168968B525E9607800D26060 /* blockSelector.cpp */ = {isa = PBXFileReference; fileEncoding = 4; lastKnownFileType = sourcecode.cpp.cpp; path = blockSelector.cpp; sourceTree = "<group>"; };
		168968B925E9607800D26060 /* startMenu.hpp */ = {isa = PBXFileReference; fileEncoding = 4; lastKnownFileType = sourcecode.cpp.h; path = startMenu.hpp; sourceTree = "<group>"; };
		168968BA25E9607800D26060 /* startMenu.cpp */ = {isa = PBXFileReference; fileEncoding = 4; lastKnownFileType = sourcecode.cpp.cpp; path = startMenu.cpp; sourceTree = "<group>"; };
		168968BC25E9607800D26060 /* multiplayerSelector.cpp */ = {isa = PBXFileReference; fileEncoding = 4; lastKnownFileType = sourcecode.cpp.cpp; path = multiplayerSelector.cpp; sourceTree = "<group>"; };
		168968BD25E9607800D26060 /* multiplayerSelector.hpp */ = {isa = PBXFileReference; fileEncoding = 4; lastKnownFileType = sourcecode.cpp.h; path = multiplayerSelector.hpp; sourceTree = "<group>"; };
		168968BF25E9607800D26060 /* worldCreator.hpp */ = {isa = PBXFileReference; fileEncoding = 4; lastKnownFileType = sourcecode.cpp.h; path = worldCreator.hpp; sourceTree = "<group>"; };
		168968C025E9607800D26060 /* worldCreator.cpp */ = {isa = PBXFileReference; fileEncoding = 4; lastKnownFileType = sourcecode.cpp.cpp; path = worldCreator.cpp; sourceTree = "<group>"; };
		168968C225E9607800D26060 /* worldSelector.cpp */ = {isa = PBXFileReference; fileEncoding = 4; lastKnownFileType = sourcecode.cpp.cpp; path = worldSelector.cpp; sourceTree = "<group>"; };
		168968C325E9607800D26060 /* worldSelector.hpp */ = {isa = PBXFileReference; fileEncoding = 4; lastKnownFileType = sourcecode.cpp.h; path = worldSelector.hpp; sourceTree = "<group>"; };
		168968C625E9607800D26060 /* main.cpp */ = {isa = PBXFileReference; fileEncoding = 4; lastKnownFileType = sourcecode.cpp.cpp; path = main.cpp; sourceTree = "<group>"; };
		1689692B25E9607800D26060 /* icon.icns */ = {isa = PBXFileReference; lastKnownFileType = image.icns; path = icon.icns; sourceTree = "<group>"; };
		1689692C25E9607800D26060 /* pixel_font.ttf */ = {isa = PBXFileReference; lastKnownFileType = file; path = pixel_font.ttf; sourceTree = "<group>"; };
		1689694225E9607900D26060 /* dev.hpp */ = {isa = PBXFileReference; fileEncoding = 4; lastKnownFileType = sourcecode.cpp.h; path = dev.hpp; sourceTree = "<group>"; };
		1689699A25E962F800D26060 /* texturePack */ = {isa = PBXFileReference; lastKnownFileType = folder; path = texturePack; sourceTree = "<group>"; };
		168ABE8F25F7967600BBEA74 /* graphics-internal.hpp */ = {isa = PBXFileReference; lastKnownFileType = sourcecode.cpp.h; path = "graphics-internal.hpp"; sourceTree = "<group>"; };
		168ABE9125F79DB200BBEA74 /* scenes.cpp */ = {isa = PBXFileReference; lastKnownFileType = sourcecode.cpp.cpp; path = scenes.cpp; sourceTree = "<group>"; };
		168ABE9425F7A1A900BBEA74 /* render.cpp */ = {isa = PBXFileReference; lastKnownFileType = sourcecode.cpp.cpp; path = render.cpp; sourceTree = "<group>"; };
		168D6D2A25FA8C6500A10457 /* drawables.cpp */ = {isa = PBXFileReference; lastKnownFileType = sourcecode.cpp.cpp; path = drawables.cpp; sourceTree = "<group>"; };
		1691248825F6B2CE00F7EB4F /* Graphics.framework */ = {isa = PBXFileReference; explicitFileType = wrapper.framework; includeInIndex = 0; path = Graphics.framework; sourceTree = BUILT_PRODUCTS_DIR; };
		1691249825F6B38200F7EB4F /* graphics.hpp */ = {isa = PBXFileReference; lastKnownFileType = sourcecode.cpp.h; path = graphics.hpp; sourceTree = "<group>"; };
		169124A125F6B70F00F7EB4F /* SDL2_image.framework */ = {isa = PBXFileReference; lastKnownFileType = wrapper.framework; name = SDL2_image.framework; path = Client/Graphics/Frameworks/SDL2_image.framework; sourceTree = "<group>"; };
		169124A225F6B70F00F7EB4F /* SDL2.framework */ = {isa = PBXFileReference; lastKnownFileType = wrapper.framework; name = SDL2.framework; path = Client/Graphics/Frameworks/SDL2.framework; sourceTree = "<group>"; };
		169124A325F6B70F00F7EB4F /* SDL2_ttf.framework */ = {isa = PBXFileReference; lastKnownFileType = wrapper.framework; name = SDL2_ttf.framework; path = Client/Graphics/Frameworks/SDL2_ttf.framework; sourceTree = "<group>"; };
		169124BF25F6B89700F7EB4F /* Graphics_Debug.framework */ = {isa = PBXFileReference; explicitFileType = wrapper.framework; includeInIndex = 0; path = Graphics_Debug.framework; sourceTree = BUILT_PRODUCTS_DIR; };
		169124D125F6BA7700F7EB4F /* SDL2_image.framework */ = {isa = PBXFileReference; lastKnownFileType = wrapper.framework; name = SDL2_image.framework; path = "Client/Graphics/Frameworks-Debug/SDL2_image.framework"; sourceTree = "<group>"; };
		169124D225F6BA7700F7EB4F /* SDL2_ttf.framework */ = {isa = PBXFileReference; lastKnownFileType = wrapper.framework; name = SDL2_ttf.framework; path = "Client/Graphics/Frameworks-Debug/SDL2_ttf.framework"; sourceTree = "<group>"; };
		169124D325F6BA7700F7EB4F /* SDL2.framework */ = {isa = PBXFileReference; lastKnownFileType = wrapper.framework; name = SDL2.framework; path = "Client/Graphics/Frameworks-Debug/SDL2.framework"; sourceTree = "<group>"; };
		169124E325F6BC2400F7EB4F /* main.cpp */ = {isa = PBXFileReference; lastKnownFileType = sourcecode.cpp.cpp; path = main.cpp; sourceTree = "<group>"; };
		169B3A0D261EF16E00F538F3 /* renderMap.hpp */ = {isa = PBXFileReference; lastKnownFileType = sourcecode.cpp.h; path = renderMap.hpp; sourceTree = "<group>"; };
		3611F0AA260E3D0900127A55 /* textScreen.cpp */ = {isa = PBXFileReference; lastKnownFileType = sourcecode.cpp.cpp; path = textScreen.cpp; sourceTree = "<group>"; };
		3611F0AB260E3D0900127A55 /* textScreen.hpp */ = {isa = PBXFileReference; lastKnownFileType = sourcecode.cpp.h; path = textScreen.hpp; sourceTree = "<group>"; };
		3619ACFC26187C4B00BA4EAF /* inventoryRenderer.cpp */ = {isa = PBXFileReference; lastKnownFileType = sourcecode.cpp.cpp; path = inventoryRenderer.cpp; sourceTree = "<group>"; };
		36F45E742619E68900C751E4 /* map.cpp */ = {isa = PBXFileReference; lastKnownFileType = sourcecode.cpp.cpp; path = map.cpp; sourceTree = "<group>"; };
		36F45E752619E68900C751E4 /* map.hpp */ = {isa = PBXFileReference; lastKnownFileType = sourcecode.cpp.h; path = map.hpp; sourceTree = "<group>"; };
		36F45E78261B662000C751E4 /* block.cpp */ = {isa = PBXFileReference; lastKnownFileType = sourcecode.cpp.cpp; path = block.cpp; sourceTree = "<group>"; };
		36F45E7A261B69A600C751E4 /* light.cpp */ = {isa = PBXFileReference; lastKnownFileType = sourcecode.cpp.cpp; path = light.cpp; sourceTree = "<group>"; };
		36F45E7E261CCD5600C751E4 /* item.cpp */ = {isa = PBXFileReference; lastKnownFileType = sourcecode.cpp.cpp; path = item.cpp; sourceTree = "<group>"; };
		36F45E802620A01900C751E4 /* itemRenderer.cpp */ = {isa = PBXFileReference; lastKnownFileType = sourcecode.cpp.cpp; path = itemRenderer.cpp; sourceTree = "<group>"; };
		36F45E832620A84F00C751E4 /* packets.cpp */ = {isa = PBXFileReference; lastKnownFileType = sourcecode.cpp.cpp; path = packets.cpp; sourceTree = "<group>"; };
		36F45E852620A87B00C751E4 /* block.cpp */ = {isa = PBXFileReference; lastKnownFileType = sourcecode.cpp.cpp; path = block.cpp; sourceTree = "<group>"; };
		36F45E872620A88400C751E4 /* chunk.cpp */ = {isa = PBXFileReference; lastKnownFileType = sourcecode.cpp.cpp; path = chunk.cpp; sourceTree = "<group>"; };
		36F45E892620A89000C751E4 /* blockRenderer.cpp */ = {isa = PBXFileReference; lastKnownFileType = sourcecode.cpp.cpp; path = blockRenderer.cpp; sourceTree = "<group>"; };
/* End PBXFileReference section */

/* Begin PBXFrameworksBuildPhase section */
		166165E025EA3617002A3815 /* Frameworks */ = {
			isa = PBXFrameworksBuildPhase;
			buildActionMask = 2147483647;
			files = (
				1691251025F6BF4800F7EB4F /* Graphics_Debug.framework in Frameworks */,
			);
			runOnlyForDeploymentPostprocessing = 0;
		};
		1689685325E95FD000D26060 /* Frameworks */ = {
			isa = PBXFrameworksBuildPhase;
			buildActionMask = 2147483647;
			files = (
				1691248F25F6B2CE00F7EB4F /* Graphics.framework in Frameworks */,
			);
			runOnlyForDeploymentPostprocessing = 0;
		};
		1691248525F6B2CE00F7EB4F /* Frameworks */ = {
			isa = PBXFrameworksBuildPhase;
			buildActionMask = 2147483647;
			files = (
				169124B125F6B75500F7EB4F /* SDL2.framework in Frameworks */,
				169124AF25F6B75500F7EB4F /* SDL2_ttf.framework in Frameworks */,
				169124AD25F6B75500F7EB4F /* SDL2_image.framework in Frameworks */,
				3619ACF626185E3700BA4EAF /* SDL2.framework in Frameworks */,
				3619ACF426185E3700BA4EAF /* SDL2_image.framework in Frameworks */,
				3619ACF526185E3700BA4EAF /* SDL2_ttf.framework in Frameworks */,
			);
			runOnlyForDeploymentPostprocessing = 0;
		};
		169124BC25F6B89700F7EB4F /* Frameworks */ = {
			isa = PBXFrameworksBuildPhase;
			buildActionMask = 2147483647;
			files = (
				169124D825F6BA7700F7EB4F /* SDL2.framework in Frameworks */,
				169124D625F6BA7700F7EB4F /* SDL2_ttf.framework in Frameworks */,
				169124D425F6BA7700F7EB4F /* SDL2_image.framework in Frameworks */,
				3619ACF926185E5300BA4EAF /* SDL2.framework in Frameworks */,
				3619ACF726185E5300BA4EAF /* SDL2_image.framework in Frameworks */,
				3619ACF826185E5300BA4EAF /* SDL2_ttf.framework in Frameworks */,
			);
			runOnlyForDeploymentPostprocessing = 0;
		};
/* End PBXFrameworksBuildPhase section */

/* Begin PBXGroup section */
		1661654A25EA2CC8002A3815 /* Frameworks */ = {
			isa = PBXGroup;
			children = (
				169124A125F6B70F00F7EB4F /* SDL2_image.framework */,
				169124A325F6B70F00F7EB4F /* SDL2_ttf.framework */,
				169124A225F6B70F00F7EB4F /* SDL2.framework */,
				169124D125F6BA7700F7EB4F /* SDL2_image.framework */,
				169124D225F6BA7700F7EB4F /* SDL2_ttf.framework */,
				169124D325F6BA7700F7EB4F /* SDL2.framework */,
				1661662D25EA3882002A3815 /* Terralistic.app */,
				1661662C25EA3882002A3815 /* Terralistic-Debug.app */,
				166165CB25EA3233002A3815 /* SDL2_image.framework */,
				166165C925EA3233002A3815 /* SDL2_ttf.framework */,
				166165CA25EA3233002A3815 /* SDL2.framework */,
				1661658A25EA2DDF002A3815 /* SDL2_image.framework */,
				1661658925EA2DDF002A3815 /* SDL2_ttf.framework */,
				1661658B25EA2DDF002A3815 /* SDL2.framework */,
			);
			name = Frameworks;
			sourceTree = "<group>";
		};
		1661662B25EA3873002A3815 /* Products */ = {
			isa = PBXGroup;
			children = (
				1661657B25EA2D0D002A3815 /* Terralistic.app */,
				166165E325EA3617002A3815 /* Terralistic-Debug.app */,
				1691248825F6B2CE00F7EB4F /* Graphics.framework */,
				169124BF25F6B89700F7EB4F /* Graphics_Debug.framework */,
			);
			name = Products;
			sourceTree = "<group>";
		};
		1661662F25EA4BA8002A3815 /* dev */ = {
			isa = PBXGroup;
			children = (
				1689694225E9607900D26060 /* dev.hpp */,
				1661663025EA4BBA002A3815 /* debugBreak.hpp */,
			);
			path = dev;
			sourceTree = "<group>";
		};
		1662BC1C2635A9D70062DBB3 /* playerRenderer */ = {
			isa = PBXGroup;
			children = (
				1662BC1E2635A9E70062DBB3 /* playerRenderer.hpp */,
				1662BC1D2635A9E70062DBB3 /* playerRenderer.cpp */,
			);
			path = playerRenderer;
			sourceTree = "<group>";
		};
		1689684D25E95FD000D26060 = {
			isa = PBXGroup;
			children = (
				1689687025E9607800D26060 /* Core */,
				1689699C25E9653E00D26060 /* Client */,
				1661654A25EA2CC8002A3815 /* Frameworks */,
				1661662B25EA3873002A3815 /* Products */,
			);
			sourceTree = "<group>";
		};
		1689686F25E9607800D26060 /* Sources */ = {
			isa = PBXGroup;
			children = (
				1689689325E9607800D26060 /* game */,
				168968B725E9607800D26060 /* menus */,
				168968C425E9607800D26060 /* main */,
			);
			path = Sources;
			sourceTree = "<group>";
		};
		1689687025E9607800D26060 /* Core */ = {
			isa = PBXGroup;
			children = (
				3619ACED26173D7000BA4EAF /* Libraries */,
				1689687E25E9607800D26060 /* inventory */,
				1689688225E9607800D26060 /* terrainGenerator */,
				36F45E732619E67500C751E4 /* map */,
			);
			path = Core;
			sourceTree = "<group>";
		};
		1689687525E9607800D26060 /* fileSystem */ = {
			isa = PBXGroup;
			children = (
				1689687725E9607800D26060 /* sago */,
				1689687625E9607800D26060 /* fileSystem.hpp */,
				1689687A25E9607800D26060 /* fileSystem.cpp */,
			);
			path = fileSystem;
			sourceTree = "<group>";
		};
		1689687725E9607800D26060 /* sago */ = {
			isa = PBXGroup;
			children = (
				1689687825E9607800D26060 /* platform_folders.h */,
				1689687925E9607800D26060 /* sago.cpp */,
			);
			path = sago;
			sourceTree = "<group>";
		};
		1689687B25E9607800D26060 /* packets */ = {
			isa = PBXGroup;
			children = (
				1689687C25E9607800D26060 /* packets.hpp */,
				1689687D25E9607800D26060 /* packets.cpp */,
			);
			path = packets;
			sourceTree = "<group>";
		};
		1689687E25E9607800D26060 /* inventory */ = {
			isa = PBXGroup;
			children = (
				1689687F25E9607800D26060 /* inventory.hpp */,
				1689688025E9607800D26060 /* inventoryItem.cpp */,
				1689688125E9607800D26060 /* inventory.cpp */,
			);
			path = inventory;
			sourceTree = "<group>";
		};
		1689688225E9607800D26060 /* terrainGenerator */ = {
			isa = PBXGroup;
			children = (
				1689688425E9607800D26060 /* simplexNoise */,
				1689688825E9607800D26060 /* perlinNoise */,
				1689688325E9607800D26060 /* terrainGenerator.hpp */,
				1689688725E9607800D26060 /* terrainGenerator.cpp */,
			);
			path = terrainGenerator;
			sourceTree = "<group>";
		};
		1689688425E9607800D26060 /* simplexNoise */ = {
			isa = PBXGroup;
			children = (
				1689688525E9607800D26060 /* simplex-noise.hpp */,
				1689688625E9607800D26060 /* simplex-noise.cpp */,
			);
			path = simplexNoise;
			sourceTree = "<group>";
		};
		1689688825E9607800D26060 /* perlinNoise */ = {
			isa = PBXGroup;
			children = (
				1689688925E9607800D26060 /* perlinNoise.cpp */,
				1689688A25E9607800D26060 /* perlinNoise.hpp */,
			);
			path = perlinNoise;
			sourceTree = "<group>";
		};
		1689689325E9607800D26060 /* game */ = {
			isa = PBXGroup;
			children = (
				3619ACFA26186CBA00BA4EAF /* Modules */,
				3611F0A9260E3CFA00127A55 /* textScreen */,
				1689689A25E9607800D26060 /* generatingScreen */,
				1689689E25E9607800D26060 /* networkingModule */,
				168968A425E9607800D26060 /* worldSaver */,
				1662BC1C2635A9D70062DBB3 /* playerRenderer */,
				1689689D25E9607800D26060 /* game.hpp */,
				168968A325E9607800D26060 /* game.cpp */,
			);
			path = game;
			sourceTree = "<group>";
		};
		1689689725E9607800D26060 /* otherPlayers */ = {
			isa = PBXGroup;
			children = (
				1689689925E9607800D26060 /* otherPlayers.hpp */,
				1689689825E9607800D26060 /* otherPlayers.cpp */,
			);
			path = otherPlayers;
			sourceTree = "<group>";
		};
		1689689A25E9607800D26060 /* generatingScreen */ = {
			isa = PBXGroup;
			children = (
				1689689B25E9607800D26060 /* generatingScreen.hpp */,
				1689689C25E9607800D26060 /* generatingScreen.cpp */,
			);
			path = generatingScreen;
			sourceTree = "<group>";
		};
		1689689E25E9607800D26060 /* networkingModule */ = {
			isa = PBXGroup;
			children = (
				168968A125E9607800D26060 /* networkingModule.hpp */,
				1689689F25E9607800D26060 /* networkingModule.cpp */,
			);
			path = networkingModule;
			sourceTree = "<group>";
		};
		168968A425E9607800D26060 /* worldSaver */ = {
			isa = PBXGroup;
			children = (
				168968A525E9607800D26060 /* worldSaver.hpp */,
				168968A625E9607800D26060 /* worldSaver.cpp */,
			);
			path = worldSaver;
			sourceTree = "<group>";
		};
		168968A725E9607800D26060 /* pauseScreen */ = {
			isa = PBXGroup;
			children = (
				168968A825E9607800D26060 /* pauseScreen.hpp */,
				168968A925E9607800D26060 /* pauseScreen.cpp */,
			);
			path = pauseScreen;
			sourceTree = "<group>";
		};
		168968AA25E9607800D26060 /* playerHandler */ = {
			isa = PBXGroup;
			children = (
				168968AC25E9607800D26060 /* playerHandler.hpp */,
				168968AB25E9607800D26060 /* playerHandler.cpp */,
				168968B525E9607800D26060 /* blockSelector.cpp */,
				3619ACFC26187C4B00BA4EAF /* inventoryRenderer.cpp */,
			);
			path = playerHandler;
			sourceTree = "<group>";
		};
		168968B725E9607800D26060 /* menus */ = {
			isa = PBXGroup;
			children = (
				168968B825E9607800D26060 /* startMenu */,
				168968BB25E9607800D26060 /* multiplayerSelector */,
				168968BE25E9607800D26060 /* worldCreator */,
				168968C125E9607800D26060 /* worldSelector */,
			);
			path = menus;
			sourceTree = "<group>";
		};
		168968B825E9607800D26060 /* startMenu */ = {
			isa = PBXGroup;
			children = (
				168968B925E9607800D26060 /* startMenu.hpp */,
				168968BA25E9607800D26060 /* startMenu.cpp */,
			);
			path = startMenu;
			sourceTree = "<group>";
		};
		168968BB25E9607800D26060 /* multiplayerSelector */ = {
			isa = PBXGroup;
			children = (
				168968BD25E9607800D26060 /* multiplayerSelector.hpp */,
				168968BC25E9607800D26060 /* multiplayerSelector.cpp */,
			);
			path = multiplayerSelector;
			sourceTree = "<group>";
		};
		168968BE25E9607800D26060 /* worldCreator */ = {
			isa = PBXGroup;
			children = (
				168968BF25E9607800D26060 /* worldCreator.hpp */,
				168968C025E9607800D26060 /* worldCreator.cpp */,
			);
			path = worldCreator;
			sourceTree = "<group>";
		};
		168968C125E9607800D26060 /* worldSelector */ = {
			isa = PBXGroup;
			children = (
				168968C325E9607800D26060 /* worldSelector.hpp */,
				168968C225E9607800D26060 /* worldSelector.cpp */,
			);
			path = worldSelector;
			sourceTree = "<group>";
		};
		168968C425E9607800D26060 /* main */ = {
			isa = PBXGroup;
			children = (
				168968C625E9607800D26060 /* main.cpp */,
			);
			path = main;
			sourceTree = "<group>";
		};
		1689692A25E9607800D26060 /* Resources */ = {
			isa = PBXGroup;
			children = (
				1689692B25E9607800D26060 /* icon.icns */,
				1689692C25E9607800D26060 /* pixel_font.ttf */,
				1689699A25E962F800D26060 /* texturePack */,
			);
			path = Resources;
			sourceTree = "<group>";
		};
		1689699C25E9653E00D26060 /* Client */ = {
			isa = PBXGroup;
			children = (
				1691249725F6B38200F7EB4F /* Graphics */,
				1689692A25E9607800D26060 /* Resources */,
				1689686F25E9607800D26060 /* Sources */,
			);
			path = Client;
			sourceTree = "<group>";
		};
		1691249725F6B38200F7EB4F /* Graphics */ = {
			isa = PBXGroup;
			children = (
				1691249825F6B38200F7EB4F /* graphics.hpp */,
				168ABE8F25F7967600BBEA74 /* graphics-internal.hpp */,
				169124E325F6BC2400F7EB4F /* main.cpp */,
				168ABE9125F79DB200BBEA74 /* scenes.cpp */,
				168ABE9425F7A1A900BBEA74 /* render.cpp */,
				168D6D2A25FA8C6500A10457 /* drawables.cpp */,
			);
			path = Graphics;
			sourceTree = "<group>";
		};
		169B3A0B261EF16100F538F3 /* renderMap */ = {
			isa = PBXGroup;
			children = (
				169B3A0D261EF16E00F538F3 /* renderMap.hpp */,
				36F45E802620A01900C751E4 /* itemRenderer.cpp */,
				36F45E832620A84F00C751E4 /* packets.cpp */,
				36F45E852620A87B00C751E4 /* block.cpp */,
				36F45E872620A88400C751E4 /* chunk.cpp */,
				36F45E892620A89000C751E4 /* blockRenderer.cpp */,
			);
			path = renderMap;
			sourceTree = "<group>";
		};
		3611F0A9260E3CFA00127A55 /* textScreen */ = {
			isa = PBXGroup;
			children = (
				3611F0AB260E3D0900127A55 /* textScreen.hpp */,
				3611F0AA260E3D0900127A55 /* textScreen.cpp */,
			);
			path = textScreen;
			sourceTree = "<group>";
		};
		3619ACED26173D7000BA4EAF /* Libraries */ = {
			isa = PBXGroup;
			children = (
				1661662F25EA4BA8002A3815 /* dev */,
				1689687525E9607800D26060 /* fileSystem */,
				1689687B25E9607800D26060 /* packets */,
			);
			path = Libraries;
			sourceTree = "<group>";
		};
		3619ACFA26186CBA00BA4EAF /* Modules */ = {
			isa = PBXGroup;
			children = (
				169B3A0B261EF16100F538F3 /* renderMap */,
				168968AA25E9607800D26060 /* playerHandler */,
				168968A725E9607800D26060 /* pauseScreen */,
				1689689725E9607800D26060 /* otherPlayers */,
			);
			path = Modules;
			sourceTree = "<group>";
		};
		36F45E732619E67500C751E4 /* map */ = {
			isa = PBXGroup;
			children = (
				36F45E752619E68900C751E4 /* map.hpp */,
				36F45E742619E68900C751E4 /* map.cpp */,
				36F45E78261B662000C751E4 /* block.cpp */,
				36F45E7A261B69A600C751E4 /* light.cpp */,
				36F45E7E261CCD5600C751E4 /* item.cpp */,
			);
			path = map;
			sourceTree = "<group>";
		};
/* End PBXGroup section */

/* Begin PBXHeadersBuildPhase section */
		1691248325F6B2CE00F7EB4F /* Headers */ = {
			isa = PBXHeadersBuildPhase;
			buildActionMask = 2147483647;
			files = (
				1691249E25F6B46800F7EB4F /* graphics.hpp in Headers */,
			);
			runOnlyForDeploymentPostprocessing = 0;
		};
		169124BA25F6B89700F7EB4F /* Headers */ = {
			isa = PBXHeadersBuildPhase;
			buildActionMask = 2147483647;
			files = (
				169124CE25F6B8ED00F7EB4F /* graphics.hpp in Headers */,
				168ABE9025F796BF00BBEA74 /* graphics-internal.hpp in Headers */,
			);
			runOnlyForDeploymentPostprocessing = 0;
		};
/* End PBXHeadersBuildPhase section */

/* Begin PBXNativeTarget section */
		166165E225EA3617002A3815 /* Terralistic-Debug */ = {
			isa = PBXNativeTarget;
			buildConfigurationList = 166165F425EA3617002A3815 /* Build configuration list for PBXNativeTarget "Terralistic-Debug" */;
			buildPhases = (
				166165DF25EA3617002A3815 /* Sources */,
				166165E025EA3617002A3815 /* Frameworks */,
				166165E125EA3617002A3815 /* Resources */,
				169124E225F6BABA00F7EB4F /* Embed Frameworks */,
			);
			buildRules = (
			);
			dependencies = (
				1691251325F6BF4800F7EB4F /* PBXTargetDependency */,
			);
			name = "Terralistic-Debug";
			productName = "Terralistic-Debug";
			productReference = 166165E325EA3617002A3815 /* Terralistic-Debug.app */;
			productType = "com.apple.product-type.application";
		};
		1689685525E95FD000D26060 /* Terralistic */ = {
			isa = PBXNativeTarget;
			buildConfigurationList = 1689686A25E95FD100D26060 /* Build configuration list for PBXNativeTarget "Terralistic" */;
			buildPhases = (
				1689685225E95FD000D26060 /* Sources */,
				1689685325E95FD000D26060 /* Frameworks */,
				1689685425E95FD000D26060 /* Resources */,
				166165DA25EA3242002A3815 /* Embed Frameworks */,
			);
			buildRules = (
			);
			dependencies = (
				1691248E25F6B2CE00F7EB4F /* PBXTargetDependency */,
			);
			name = Terralistic;
			productName = Terralistic;
			productReference = 1661657B25EA2D0D002A3815 /* Terralistic.app */;
			productType = "com.apple.product-type.application";
		};
		1691248725F6B2CE00F7EB4F /* Graphics */ = {
			isa = PBXNativeTarget;
			buildConfigurationList = 1691249125F6B2CE00F7EB4F /* Build configuration list for PBXNativeTarget "Graphics" */;
			buildPhases = (
				1691248325F6B2CE00F7EB4F /* Headers */,
				1691248425F6B2CE00F7EB4F /* Sources */,
				1691248525F6B2CE00F7EB4F /* Frameworks */,
				1691248625F6B2CE00F7EB4F /* Resources */,
				169124B325F6B75500F7EB4F /* Embed Frameworks */,
			);
			buildRules = (
			);
			dependencies = (
			);
			name = Graphics;
			productName = Graphics;
			productReference = 1691248825F6B2CE00F7EB4F /* Graphics.framework */;
			productType = "com.apple.product-type.framework";
		};
		169124BE25F6B89700F7EB4F /* Graphics-Debug */ = {
			isa = PBXNativeTarget;
			buildConfigurationList = 169124C825F6B89700F7EB4F /* Build configuration list for PBXNativeTarget "Graphics-Debug" */;
			buildPhases = (
				169124BA25F6B89700F7EB4F /* Headers */,
				169124BB25F6B89700F7EB4F /* Sources */,
				169124BC25F6B89700F7EB4F /* Frameworks */,
				169124BD25F6B89700F7EB4F /* Resources */,
				169124DA25F6BA7700F7EB4F /* Embed Frameworks */,
			);
			buildRules = (
			);
			dependencies = (
			);
			name = "Graphics-Debug";
			productName = "Graphics-Debug";
			productReference = 169124BF25F6B89700F7EB4F /* Graphics_Debug.framework */;
			productType = "com.apple.product-type.framework";
		};
/* End PBXNativeTarget section */

/* Begin PBXProject section */
		1689684E25E95FD000D26060 /* Project object */ = {
			isa = PBXProject;
			attributes = {
				LastUpgradeCheck = 1240;
				TargetAttributes = {
					166165E225EA3617002A3815 = {
						CreatedOnToolsVersion = 12.4;
					};
					1689685525E95FD000D26060 = {
						CreatedOnToolsVersion = 12.4;
					};
					1691248725F6B2CE00F7EB4F = {
						CreatedOnToolsVersion = 12.4;
					};
					169124BE25F6B89700F7EB4F = {
						CreatedOnToolsVersion = 12.4;
					};
				};
			};
			buildConfigurationList = 1689685125E95FD000D26060 /* Build configuration list for PBXProject "Terralistic" */;
			compatibilityVersion = "Xcode 9.3";
			developmentRegion = en;
			hasScannedForEncodings = 0;
			knownRegions = (
				en,
				Base,
			);
			mainGroup = 1689684D25E95FD000D26060;
			productRefGroup = 1661662B25EA3873002A3815 /* Products */;
			projectDirPath = "";
			projectRoot = "";
			targets = (
				1689685525E95FD000D26060 /* Terralistic */,
				166165E225EA3617002A3815 /* Terralistic-Debug */,
				1691248725F6B2CE00F7EB4F /* Graphics */,
				169124BE25F6B89700F7EB4F /* Graphics-Debug */,
			);
		};
/* End PBXProject section */

/* Begin PBXResourcesBuildPhase section */
		166165E125EA3617002A3815 /* Resources */ = {
			isa = PBXResourcesBuildPhase;
			buildActionMask = 2147483647;
			files = (
				1661663D25EA561A002A3815 /* icon.icns in Resources */,
				1661662925EA377B002A3815 /* pixel_font.ttf in Resources */,
				1661662A25EA377B002A3815 /* texturePack in Resources */,
			);
			runOnlyForDeploymentPostprocessing = 0;
		};
		1689685425E95FD000D26060 /* Resources */ = {
			isa = PBXResourcesBuildPhase;
			buildActionMask = 2147483647;
			files = (
				1661663C25EA5608002A3815 /* icon.icns in Resources */,
				1689697725E9607900D26060 /* pixel_font.ttf in Resources */,
				1689699B25E962F800D26060 /* texturePack in Resources */,
			);
			runOnlyForDeploymentPostprocessing = 0;
		};
		1691248625F6B2CE00F7EB4F /* Resources */ = {
			isa = PBXResourcesBuildPhase;
			buildActionMask = 2147483647;
			files = (
			);
			runOnlyForDeploymentPostprocessing = 0;
		};
		169124BD25F6B89700F7EB4F /* Resources */ = {
			isa = PBXResourcesBuildPhase;
			buildActionMask = 2147483647;
			files = (
			);
			runOnlyForDeploymentPostprocessing = 0;
		};
/* End PBXResourcesBuildPhase section */

/* Begin PBXSourcesBuildPhase section */
		166165DF25EA3617002A3815 /* Sources */ = {
			isa = PBXSourcesBuildPhase;
			buildActionMask = 2147483647;
			files = (
				16A09613261D9A1D008B2BBB /* item.cpp in Sources */,
				36F45E7C261B6B0400C751E4 /* block.cpp in Sources */,
				36F45E7D261B6B0400C751E4 /* light.cpp in Sources */,
				3619ACFF261889E200BA4EAF /* inventoryRenderer.cpp in Sources */,
				3611F0AD260E3E4100127A55 /* textScreen.cpp in Sources */,
				1661660625EA3689002A3815 /* simplex-noise.cpp in Sources */,
				1661660725EA3689002A3815 /* terrainGenerator.cpp in Sources */,
				36F45E8B2620A8EF00C751E4 /* packets.cpp in Sources */,
				36F45E8C2620A8F000C751E4 /* block.cpp in Sources */,
				36F45E8D2620A8F100C751E4 /* chunk.cpp in Sources */,
				36F45E8E2620A8F200C751E4 /* blockRenderer.cpp in Sources */,
				36F45E822620A1C100C751E4 /* itemRenderer.cpp in Sources */,
				1661660825EA3689002A3815 /* perlinNoise.cpp in Sources */,
				36F45E772619E7FA00C751E4 /* map.cpp in Sources */,
				1661661425EA3689002A3815 /* otherPlayers.cpp in Sources */,
				1661661525EA3689002A3815 /* generatingScreen.cpp in Sources */,
				1661661625EA3689002A3815 /* networkingModule.cpp in Sources */,
				1661661925EA3689002A3815 /* game.cpp in Sources */,
				1661661A25EA3689002A3815 /* worldSaver.cpp in Sources */,
				1661661B25EA3689002A3815 /* pauseScreen.cpp in Sources */,
				1661661C25EA3689002A3815 /* playerHandler.cpp in Sources */,
				1661662125EA3689002A3815 /* blockSelector.cpp in Sources */,
				1662BC202635AAE60062DBB3 /* playerRenderer.cpp in Sources */,
				1661662225EA3689002A3815 /* startMenu.cpp in Sources */,
				1661662325EA3689002A3815 /* multiplayerSelector.cpp in Sources */,
				1661662425EA3689002A3815 /* worldCreator.cpp in Sources */,
				1661662525EA3689002A3815 /* worldSelector.cpp in Sources */,
				1661662625EA3689002A3815 /* main.cpp in Sources */,
				1661660125EA3656002A3815 /* sago.cpp in Sources */,
				1661660225EA3656002A3815 /* fileSystem.cpp in Sources */,
				1661660325EA3656002A3815 /* packets.cpp in Sources */,
				1661660425EA3656002A3815 /* inventoryItem.cpp in Sources */,
				1661660525EA3656002A3815 /* inventory.cpp in Sources */,
			);
			runOnlyForDeploymentPostprocessing = 0;
		};
		1689685225E95FD000D26060 /* Sources */ = {
			isa = PBXSourcesBuildPhase;
			buildActionMask = 2147483647;
			files = (
				169124E825F6BCD400F7EB4F /* sago.cpp in Sources */,
				169124E925F6BCD400F7EB4F /* fileSystem.cpp in Sources */,
				36F45E762619E68900C751E4 /* map.cpp in Sources */,
				169124EA25F6BCD400F7EB4F /* packets.cpp in Sources */,
				169124EB25F6BCD400F7EB4F /* inventoryItem.cpp in Sources */,
				169124EC25F6BCD400F7EB4F /* inventory.cpp in Sources */,
				169124ED25F6BCD400F7EB4F /* simplex-noise.cpp in Sources */,
				169124EE25F6BCD400F7EB4F /* perlinNoise.cpp in Sources */,
				169124EF25F6BCD400F7EB4F /* terrainGenerator.cpp in Sources */,
				36F45E8A2620A89000C751E4 /* blockRenderer.cpp in Sources */,
				36F45E862620A87B00C751E4 /* block.cpp in Sources */,
				1691250025F6BCD400F7EB4F /* otherPlayers.cpp in Sources */,
				1691250125F6BCD400F7EB4F /* generatingScreen.cpp in Sources */,
				1691250225F6BCD500F7EB4F /* networkingModule.cpp in Sources */,
				1691250525F6BCD500F7EB4F /* worldSaver.cpp in Sources */,
				1691250625F6BCD500F7EB4F /* pauseScreen.cpp in Sources */,
				1691250725F6BCD500F7EB4F /* playerHandler.cpp in Sources */,
				3611F0AC260E3D0900127A55 /* textScreen.cpp in Sources */,
				36F45E7F261CCD5600C751E4 /* item.cpp in Sources */,
				1691250825F6BCD500F7EB4F /* blockSelector.cpp in Sources */,
				1691250A25F6BCD500F7EB4F /* game.cpp in Sources */,
				36F45E812620A01900C751E4 /* itemRenderer.cpp in Sources */,
				36F45E7B261B69A600C751E4 /* light.cpp in Sources */,
				1691250B25F6BCD500F7EB4F /* startMenu.cpp in Sources */,
				36F45E882620A88400C751E4 /* chunk.cpp in Sources */,
				36F45E79261B662000C751E4 /* block.cpp in Sources */,
				1691250C25F6BCD500F7EB4F /* multiplayerSelector.cpp in Sources */,
				1662BC1F2635A9E70062DBB3 /* playerRenderer.cpp in Sources */,
				3619ACFE26187C4B00BA4EAF /* inventoryRenderer.cpp in Sources */,
				1691250D25F6BCD500F7EB4F /* worldCreator.cpp in Sources */,
				1691250E25F6BCD500F7EB4F /* worldSelector.cpp in Sources */,
				1691250F25F6BCD500F7EB4F /* main.cpp in Sources */,
				36F45E842620A84F00C751E4 /* packets.cpp in Sources */,
			);
			runOnlyForDeploymentPostprocessing = 0;
		};
		1691248425F6B2CE00F7EB4F /* Sources */ = {
			isa = PBXSourcesBuildPhase;
			buildActionMask = 2147483647;
			files = (
				168ABE9525F7A1A900BBEA74 /* render.cpp in Sources */,
				168ABE9225F79DB200BBEA74 /* scenes.cpp in Sources */,
				169124E425F6BC2400F7EB4F /* main.cpp in Sources */,
				168D6D2B25FA8C6500A10457 /* drawables.cpp in Sources */,
			);
			runOnlyForDeploymentPostprocessing = 0;
		};
		169124BB25F6B89700F7EB4F /* Sources */ = {
			isa = PBXSourcesBuildPhase;
			buildActionMask = 2147483647;
			files = (
				168ABE9625F7A1A900BBEA74 /* render.cpp in Sources */,
				168ABE9325F79DB200BBEA74 /* scenes.cpp in Sources */,
				169124E525F6BC2400F7EB4F /* main.cpp in Sources */,
				168D6D2C25FA8C6500A10457 /* drawables.cpp in Sources */,
			);
			runOnlyForDeploymentPostprocessing = 0;
		};
/* End PBXSourcesBuildPhase section */

/* Begin PBXTargetDependency section */
		1691248E25F6B2CE00F7EB4F /* PBXTargetDependency */ = {
			isa = PBXTargetDependency;
			target = 1691248725F6B2CE00F7EB4F /* Graphics */;
			targetProxy = 1691248D25F6B2CE00F7EB4F /* PBXContainerItemProxy */;
		};
		1691251325F6BF4800F7EB4F /* PBXTargetDependency */ = {
			isa = PBXTargetDependency;
			target = 169124BE25F6B89700F7EB4F /* Graphics-Debug */;
			targetProxy = 1691251225F6BF4800F7EB4F /* PBXContainerItemProxy */;
		};
/* End PBXTargetDependency section */

/* Begin XCBuildConfiguration section */
		166165F525EA3617002A3815 /* Debug */ = {
			isa = XCBuildConfiguration;
			buildSettings = {
				ASSETCATALOG_COMPILER_APPICON_NAME = AppIcon;
				ASSETCATALOG_COMPILER_GLOBAL_ACCENT_COLOR_NAME = AccentColor;
				CLANG_WARN_QUOTED_INCLUDE_IN_FRAMEWORK_HEADER = NO;
				CODE_SIGN_ENTITLEMENTS = "Client/Terralistic-Debug.entitlements";
				CODE_SIGN_STYLE = Automatic;
				COMBINE_HIDPI_IMAGES = YES;
				DEVELOPMENT_TEAM = 4CKFJDZL4P;
				ENABLE_HARDENED_RUNTIME = YES;
				FRAMEWORK_SEARCH_PATHS = (
					"$(inherited)",
					"$(PROJECT_DIR)/Client/Graphics/Frameworks-Debug",
				);
				INFOPLIST_FILE = Client/Info.plist;
				LD_RUNPATH_SEARCH_PATHS = (
					"$(inherited)",
					"@executable_path/../Frameworks",
				);
				MACOSX_DEPLOYMENT_TARGET = 10.15;
				OTHER_CPLUSPLUSFLAGS = (
					"$(OTHER_CFLAGS)",
					"-D",
					DEVELOPER_MODE,
					"-std=c++17",
				);
				PRODUCT_BUNDLE_IDENTIFIER = "com.jakobzorz.Terralistic-Debug";
				PRODUCT_NAME = "$(TARGET_NAME)";
			};
			name = Debug;
		};
		166165F625EA3617002A3815 /* Release */ = {
			isa = XCBuildConfiguration;
			buildSettings = {
				ASSETCATALOG_COMPILER_APPICON_NAME = AppIcon;
				ASSETCATALOG_COMPILER_GLOBAL_ACCENT_COLOR_NAME = AccentColor;
				CLANG_WARN_QUOTED_INCLUDE_IN_FRAMEWORK_HEADER = NO;
				CODE_SIGN_ENTITLEMENTS = "Client/Terralistic-Debug.entitlements";
				CODE_SIGN_STYLE = Automatic;
				COMBINE_HIDPI_IMAGES = YES;
				DEVELOPMENT_TEAM = 4CKFJDZL4P;
				ENABLE_HARDENED_RUNTIME = YES;
				FRAMEWORK_SEARCH_PATHS = (
					"$(inherited)",
					"$(PROJECT_DIR)/Client/Graphics/Frameworks-Debug",
				);
				INFOPLIST_FILE = Client/Info.plist;
				LD_RUNPATH_SEARCH_PATHS = (
					"$(inherited)",
					"@executable_path/../Frameworks",
				);
				MACOSX_DEPLOYMENT_TARGET = 10.15;
				OTHER_CPLUSPLUSFLAGS = (
					"$(OTHER_CFLAGS)",
					"-D",
					DEVELOPER_MODE,
					"-std=c++17",
				);
				PRODUCT_BUNDLE_IDENTIFIER = "com.jakobzorz.Terralistic-Debug";
				PRODUCT_NAME = "$(TARGET_NAME)";
			};
			name = Release;
		};
		1689686825E95FD100D26060 /* Debug */ = {
			isa = XCBuildConfiguration;
			buildSettings = {
				ALWAYS_SEARCH_USER_PATHS = NO;
				CLANG_ANALYZER_NONNULL = YES;
				CLANG_ANALYZER_NUMBER_OBJECT_CONVERSION = YES_AGGRESSIVE;
				CLANG_CXX_LANGUAGE_STANDARD = "gnu++14";
				CLANG_CXX_LIBRARY = "libc++";
				CLANG_ENABLE_MODULES = YES;
				CLANG_ENABLE_OBJC_ARC = YES;
				CLANG_ENABLE_OBJC_WEAK = YES;
				CLANG_WARN_BLOCK_CAPTURE_AUTORELEASING = YES;
				CLANG_WARN_BOOL_CONVERSION = YES;
				CLANG_WARN_COMMA = YES;
				CLANG_WARN_CONSTANT_CONVERSION = YES;
				CLANG_WARN_DEPRECATED_OBJC_IMPLEMENTATIONS = YES;
				CLANG_WARN_DIRECT_OBJC_ISA_USAGE = YES_ERROR;
				CLANG_WARN_DOCUMENTATION_COMMENTS = YES;
				CLANG_WARN_EMPTY_BODY = YES;
				CLANG_WARN_ENUM_CONVERSION = YES;
				CLANG_WARN_INFINITE_RECURSION = YES;
				CLANG_WARN_INT_CONVERSION = YES;
				CLANG_WARN_NON_LITERAL_NULL_CONVERSION = YES;
				CLANG_WARN_OBJC_IMPLICIT_RETAIN_SELF = YES;
				CLANG_WARN_OBJC_LITERAL_CONVERSION = YES;
				CLANG_WARN_OBJC_ROOT_CLASS = YES_ERROR;
				CLANG_WARN_QUOTED_INCLUDE_IN_FRAMEWORK_HEADER = YES;
				CLANG_WARN_RANGE_LOOP_ANALYSIS = YES;
				CLANG_WARN_STRICT_PROTOTYPES = YES;
				CLANG_WARN_SUSPICIOUS_MOVE = YES;
				CLANG_WARN_UNGUARDED_AVAILABILITY = YES_AGGRESSIVE;
				CLANG_WARN_UNREACHABLE_CODE = YES;
				CLANG_WARN__DUPLICATE_METHOD_MATCH = YES;
				COPY_PHASE_STRIP = NO;
				DEBUG_INFORMATION_FORMAT = dwarf;
				ENABLE_STRICT_OBJC_MSGSEND = YES;
				ENABLE_TESTABILITY = YES;
				GCC_C_LANGUAGE_STANDARD = gnu11;
				GCC_DYNAMIC_NO_PIC = NO;
				GCC_NO_COMMON_BLOCKS = YES;
				GCC_OPTIMIZATION_LEVEL = 0;
				GCC_PREPROCESSOR_DEFINITIONS = (
					"DEBUG=1",
					"$(inherited)",
				);
				GCC_WARN_64_TO_32_BIT_CONVERSION = YES;
				GCC_WARN_ABOUT_RETURN_TYPE = YES_ERROR;
				GCC_WARN_UNDECLARED_SELECTOR = YES;
				GCC_WARN_UNINITIALIZED_AUTOS = YES_AGGRESSIVE;
				GCC_WARN_UNUSED_FUNCTION = YES;
				GCC_WARN_UNUSED_VARIABLE = YES;
				MACOSX_DEPLOYMENT_TARGET = 11.1;
				MTL_ENABLE_DEBUG_INFO = INCLUDE_SOURCE;
				MTL_FAST_MATH = YES;
				ONLY_ACTIVE_ARCH = YES;
				SDKROOT = macosx;
			};
			name = Debug;
		};
		1689686925E95FD100D26060 /* Release */ = {
			isa = XCBuildConfiguration;
			buildSettings = {
				ALWAYS_SEARCH_USER_PATHS = NO;
				CLANG_ANALYZER_NONNULL = YES;
				CLANG_ANALYZER_NUMBER_OBJECT_CONVERSION = YES_AGGRESSIVE;
				CLANG_CXX_LANGUAGE_STANDARD = "gnu++14";
				CLANG_CXX_LIBRARY = "libc++";
				CLANG_ENABLE_MODULES = YES;
				CLANG_ENABLE_OBJC_ARC = YES;
				CLANG_ENABLE_OBJC_WEAK = YES;
				CLANG_WARN_BLOCK_CAPTURE_AUTORELEASING = YES;
				CLANG_WARN_BOOL_CONVERSION = YES;
				CLANG_WARN_COMMA = YES;
				CLANG_WARN_CONSTANT_CONVERSION = YES;
				CLANG_WARN_DEPRECATED_OBJC_IMPLEMENTATIONS = YES;
				CLANG_WARN_DIRECT_OBJC_ISA_USAGE = YES_ERROR;
				CLANG_WARN_DOCUMENTATION_COMMENTS = YES;
				CLANG_WARN_EMPTY_BODY = YES;
				CLANG_WARN_ENUM_CONVERSION = YES;
				CLANG_WARN_INFINITE_RECURSION = YES;
				CLANG_WARN_INT_CONVERSION = YES;
				CLANG_WARN_NON_LITERAL_NULL_CONVERSION = YES;
				CLANG_WARN_OBJC_IMPLICIT_RETAIN_SELF = YES;
				CLANG_WARN_OBJC_LITERAL_CONVERSION = YES;
				CLANG_WARN_OBJC_ROOT_CLASS = YES_ERROR;
				CLANG_WARN_QUOTED_INCLUDE_IN_FRAMEWORK_HEADER = YES;
				CLANG_WARN_RANGE_LOOP_ANALYSIS = YES;
				CLANG_WARN_STRICT_PROTOTYPES = YES;
				CLANG_WARN_SUSPICIOUS_MOVE = YES;
				CLANG_WARN_UNGUARDED_AVAILABILITY = YES_AGGRESSIVE;
				CLANG_WARN_UNREACHABLE_CODE = YES;
				CLANG_WARN__DUPLICATE_METHOD_MATCH = YES;
				COPY_PHASE_STRIP = NO;
				DEBUG_INFORMATION_FORMAT = "dwarf-with-dsym";
				ENABLE_NS_ASSERTIONS = NO;
				ENABLE_STRICT_OBJC_MSGSEND = YES;
				GCC_C_LANGUAGE_STANDARD = gnu11;
				GCC_NO_COMMON_BLOCKS = YES;
				GCC_WARN_64_TO_32_BIT_CONVERSION = YES;
				GCC_WARN_ABOUT_RETURN_TYPE = YES_ERROR;
				GCC_WARN_UNDECLARED_SELECTOR = YES;
				GCC_WARN_UNINITIALIZED_AUTOS = YES_AGGRESSIVE;
				GCC_WARN_UNUSED_FUNCTION = YES;
				GCC_WARN_UNUSED_VARIABLE = YES;
				MACOSX_DEPLOYMENT_TARGET = 11.1;
				MTL_ENABLE_DEBUG_INFO = NO;
				MTL_FAST_MATH = YES;
				SDKROOT = macosx;
			};
			name = Release;
		};
		1689686B25E95FD100D26060 /* Debug */ = {
			isa = XCBuildConfiguration;
			buildSettings = {
				ASSETCATALOG_COMPILER_GLOBAL_ACCENT_COLOR_NAME = AccentColor;
				CLANG_MODULES_DISABLE_PRIVATE_WARNING = NO;
				CLANG_WARN_ASSIGN_ENUM = YES;
				CLANG_WARN_FLOAT_CONVERSION = NO;
				CLANG_WARN_FRAMEWORK_INCLUDE_PRIVATE_FROM_PUBLIC = YES;
				CLANG_WARN_IMPLICIT_SIGN_CONVERSION = NO;
				CLANG_WARN_QUOTED_INCLUDE_IN_FRAMEWORK_HEADER = NO;
				CLANG_WARN_SEMICOLON_BEFORE_METHOD_BODY = YES;
				CLANG_WARN_SUSPICIOUS_IMPLICIT_CONVERSION = NO;
				CODE_SIGN_ENTITLEMENTS = Client/Terralistic.entitlements;
				CODE_SIGN_IDENTITY = "Apple Development";
				CODE_SIGN_STYLE = Automatic;
				COMBINE_HIDPI_IMAGES = YES;
				DEVELOPMENT_ASSET_PATHS = "";
				DEVELOPMENT_TEAM = 4CKFJDZL4P;
				ENABLE_HARDENED_RUNTIME = YES;
				FRAMEWORK_SEARCH_PATHS = (
					"$(inherited)",
					"$(PROJECT_DIR)/Client/Graphics/Frameworks",
				);
				GCC_TREAT_IMPLICIT_FUNCTION_DECLARATIONS_AS_ERRORS = YES;
				GCC_TREAT_INCOMPATIBLE_POINTER_TYPE_WARNINGS_AS_ERRORS = YES;
				GCC_WARN_ABOUT_MISSING_FIELD_INITIALIZERS = NO;
				GCC_WARN_ABOUT_MISSING_NEWLINE = YES;
				GCC_WARN_ABOUT_MISSING_PROTOTYPES = NO;
				GCC_WARN_FOUR_CHARACTER_CONSTANTS = YES;
				GCC_WARN_INHIBIT_ALL_WARNINGS = NO;
				GCC_WARN_INITIALIZER_NOT_FULLY_BRACKETED = YES;
				GCC_WARN_PEDANTIC = YES;
				GCC_WARN_SHADOW = YES;
				GCC_WARN_SIGN_COMPARE = NO;
				GCC_WARN_UNKNOWN_PRAGMAS = YES;
				GCC_WARN_UNUSED_LABEL = YES;
				GCC_WARN_UNUSED_PARAMETER = NO;
				GCC_WARN_UNUSED_VALUE = NO;
				INFOPLIST_FILE = Client/Info.plist;
				LD_RUNPATH_SEARCH_PATHS = (
					"$(inherited)",
					"@executable_path/../Frameworks",
				);
				LIBRARY_SEARCH_PATHS = "$(inherited)";
				MACOSX_DEPLOYMENT_TARGET = 10.15;
				OTHER_CPLUSPLUSFLAGS = (
					"$(OTHER_CFLAGS)",
					"-std=c++17",
				);
				PRODUCT_BUNDLE_IDENTIFIER = com.jakobzorz.Terralistic;
				PRODUCT_NAME = "$(TARGET_NAME)";
			};
			name = Debug;
		};
		1689686C25E95FD100D26060 /* Release */ = {
			isa = XCBuildConfiguration;
			buildSettings = {
				ASSETCATALOG_COMPILER_GLOBAL_ACCENT_COLOR_NAME = AccentColor;
				CLANG_MODULES_DISABLE_PRIVATE_WARNING = NO;
				CLANG_WARN_ASSIGN_ENUM = YES;
				CLANG_WARN_FLOAT_CONVERSION = NO;
				CLANG_WARN_FRAMEWORK_INCLUDE_PRIVATE_FROM_PUBLIC = YES;
				CLANG_WARN_IMPLICIT_SIGN_CONVERSION = NO;
				CLANG_WARN_QUOTED_INCLUDE_IN_FRAMEWORK_HEADER = NO;
				CLANG_WARN_SEMICOLON_BEFORE_METHOD_BODY = YES;
				CLANG_WARN_SUSPICIOUS_IMPLICIT_CONVERSION = NO;
				CODE_SIGN_ENTITLEMENTS = Client/Terralistic.entitlements;
				CODE_SIGN_IDENTITY = "Apple Development";
				CODE_SIGN_STYLE = Automatic;
				COMBINE_HIDPI_IMAGES = YES;
				DEVELOPMENT_ASSET_PATHS = "";
				DEVELOPMENT_TEAM = 4CKFJDZL4P;
				ENABLE_HARDENED_RUNTIME = YES;
				FRAMEWORK_SEARCH_PATHS = (
					"$(inherited)",
					"$(PROJECT_DIR)/Client/Graphics/Frameworks",
				);
				GCC_TREAT_IMPLICIT_FUNCTION_DECLARATIONS_AS_ERRORS = YES;
				GCC_TREAT_INCOMPATIBLE_POINTER_TYPE_WARNINGS_AS_ERRORS = YES;
				GCC_WARN_ABOUT_MISSING_FIELD_INITIALIZERS = NO;
				GCC_WARN_ABOUT_MISSING_NEWLINE = YES;
				GCC_WARN_ABOUT_MISSING_PROTOTYPES = NO;
				GCC_WARN_FOUR_CHARACTER_CONSTANTS = YES;
				GCC_WARN_INHIBIT_ALL_WARNINGS = NO;
				GCC_WARN_INITIALIZER_NOT_FULLY_BRACKETED = YES;
				GCC_WARN_PEDANTIC = YES;
				GCC_WARN_SHADOW = YES;
				GCC_WARN_SIGN_COMPARE = NO;
				GCC_WARN_UNKNOWN_PRAGMAS = YES;
				GCC_WARN_UNUSED_LABEL = YES;
				GCC_WARN_UNUSED_PARAMETER = NO;
				GCC_WARN_UNUSED_VALUE = NO;
				INFOPLIST_FILE = Client/Info.plist;
				LD_RUNPATH_SEARCH_PATHS = (
					"$(inherited)",
					"@executable_path/../Frameworks",
				);
				LIBRARY_SEARCH_PATHS = "$(inherited)";
				MACOSX_DEPLOYMENT_TARGET = 10.15;
				OTHER_CPLUSPLUSFLAGS = (
					"$(OTHER_CFLAGS)",
					"-std=c++17",
				);
				PRODUCT_BUNDLE_IDENTIFIER = com.jakobzorz.Terralistic;
				PRODUCT_NAME = "$(TARGET_NAME)";
			};
			name = Release;
		};
		1691249225F6B2CE00F7EB4F /* Debug */ = {
			isa = XCBuildConfiguration;
			buildSettings = {
				CODE_SIGN_IDENTITY = "Apple Development";
				CODE_SIGN_STYLE = Automatic;
				COMBINE_HIDPI_IMAGES = YES;
				CURRENT_PROJECT_VERSION = 1;
				DEFINES_MODULE = YES;
				DEVELOPMENT_TEAM = 4CKFJDZL4P;
				DYLIB_COMPATIBILITY_VERSION = 1;
				DYLIB_CURRENT_VERSION = 1;
				DYLIB_INSTALL_NAME_BASE = "@rpath";
				FRAMEWORK_SEARCH_PATHS = (
					"$(inherited)",
					"$(PROJECT_DIR)/Client/Graphics/Frameworks",
				);
				INFOPLIST_FILE = Client/Graphics/Info.plist;
				INSTALL_PATH = "$(LOCAL_LIBRARY_DIR)/Frameworks";
				LD_RUNPATH_SEARCH_PATHS = (
					"$(inherited)",
					"@executable_path/../Frameworks",
					"@loader_path/Frameworks",
				);
				MACOSX_DEPLOYMENT_TARGET = 10.15;
				OTHER_CPLUSPLUSFLAGS = (
					"$(OTHER_CFLAGS)",
					"-std=c++17",
				);
				PRODUCT_BUNDLE_IDENTIFIER = com.jakobzorz.Graphics;
				PRODUCT_NAME = "$(TARGET_NAME:c99extidentifier)";
				SKIP_INSTALL = YES;
				VERSIONING_SYSTEM = "apple-generic";
				VERSION_INFO_PREFIX = "";
			};
			name = Debug;
		};
		1691249325F6B2CE00F7EB4F /* Release */ = {
			isa = XCBuildConfiguration;
			buildSettings = {
				CODE_SIGN_IDENTITY = "Apple Development";
				CODE_SIGN_STYLE = Automatic;
				COMBINE_HIDPI_IMAGES = YES;
				CURRENT_PROJECT_VERSION = 1;
				DEFINES_MODULE = YES;
				DEVELOPMENT_TEAM = 4CKFJDZL4P;
				DYLIB_COMPATIBILITY_VERSION = 1;
				DYLIB_CURRENT_VERSION = 1;
				DYLIB_INSTALL_NAME_BASE = "@rpath";
				FRAMEWORK_SEARCH_PATHS = (
					"$(inherited)",
					"$(PROJECT_DIR)/Client/Graphics/Frameworks",
				);
				INFOPLIST_FILE = Client/Graphics/Info.plist;
				INSTALL_PATH = "$(LOCAL_LIBRARY_DIR)/Frameworks";
				LD_RUNPATH_SEARCH_PATHS = (
					"$(inherited)",
					"@executable_path/../Frameworks",
					"@loader_path/Frameworks",
				);
				MACOSX_DEPLOYMENT_TARGET = 10.15;
				OTHER_CPLUSPLUSFLAGS = (
					"$(OTHER_CFLAGS)",
					"-std=c++17",
				);
				PRODUCT_BUNDLE_IDENTIFIER = com.jakobzorz.Graphics;
				PRODUCT_NAME = "$(TARGET_NAME:c99extidentifier)";
				SKIP_INSTALL = YES;
				VERSIONING_SYSTEM = "apple-generic";
				VERSION_INFO_PREFIX = "";
			};
			name = Release;
		};
		169124C925F6B89700F7EB4F /* Debug */ = {
			isa = XCBuildConfiguration;
			buildSettings = {
				CLANG_WARN_QUOTED_INCLUDE_IN_FRAMEWORK_HEADER = NO;
				CODE_SIGN_IDENTITY = "Apple Development";
				CODE_SIGN_STYLE = Automatic;
				COMBINE_HIDPI_IMAGES = YES;
				CURRENT_PROJECT_VERSION = 1;
				DEFINES_MODULE = YES;
				DEVELOPMENT_TEAM = 4CKFJDZL4P;
				DYLIB_COMPATIBILITY_VERSION = 1;
				DYLIB_CURRENT_VERSION = 1;
				DYLIB_INSTALL_NAME_BASE = "@rpath";
				FRAMEWORK_SEARCH_PATHS = (
					"$(inherited)",
					"$(PROJECT_DIR)/Client/Graphics/Frameworks-Debug",
				);
				INFOPLIST_FILE = Client/Graphics/Info.plist;
				INSTALL_PATH = "$(LOCAL_LIBRARY_DIR)/Frameworks";
				LD_RUNPATH_SEARCH_PATHS = (
					"$(inherited)",
					"@executable_path/../Frameworks",
					"@loader_path/Frameworks",
				);
				MACOSX_DEPLOYMENT_TARGET = 10.15;
				OTHER_CPLUSPLUSFLAGS = (
					"$(OTHER_CFLAGS)",
					"-std=c++17",
				);
				PRODUCT_BUNDLE_IDENTIFIER = "com.jakobzorz.Graphics-Debug";
				PRODUCT_NAME = "$(TARGET_NAME:c99extidentifier)";
				SKIP_INSTALL = YES;
				VERSIONING_SYSTEM = "apple-generic";
				VERSION_INFO_PREFIX = "";
			};
			name = Debug;
		};
		169124CA25F6B89700F7EB4F /* Release */ = {
			isa = XCBuildConfiguration;
			buildSettings = {
				CLANG_WARN_QUOTED_INCLUDE_IN_FRAMEWORK_HEADER = NO;
				CODE_SIGN_IDENTITY = "Apple Development";
				CODE_SIGN_STYLE = Automatic;
				COMBINE_HIDPI_IMAGES = YES;
				CURRENT_PROJECT_VERSION = 1;
				DEFINES_MODULE = YES;
				DEVELOPMENT_TEAM = 4CKFJDZL4P;
				DYLIB_COMPATIBILITY_VERSION = 1;
				DYLIB_CURRENT_VERSION = 1;
				DYLIB_INSTALL_NAME_BASE = "@rpath";
				FRAMEWORK_SEARCH_PATHS = (
					"$(inherited)",
					"$(PROJECT_DIR)/Client/Graphics/Frameworks-Debug",
				);
				INFOPLIST_FILE = Client/Graphics/Info.plist;
				INSTALL_PATH = "$(LOCAL_LIBRARY_DIR)/Frameworks";
				LD_RUNPATH_SEARCH_PATHS = (
					"$(inherited)",
					"@executable_path/../Frameworks",
					"@loader_path/Frameworks",
				);
				MACOSX_DEPLOYMENT_TARGET = 10.15;
				OTHER_CPLUSPLUSFLAGS = (
					"$(OTHER_CFLAGS)",
					"-std=c++17",
				);
				PRODUCT_BUNDLE_IDENTIFIER = "com.jakobzorz.Graphics-Debug";
				PRODUCT_NAME = "$(TARGET_NAME:c99extidentifier)";
				SKIP_INSTALL = YES;
				VERSIONING_SYSTEM = "apple-generic";
				VERSION_INFO_PREFIX = "";
			};
			name = Release;
		};
/* End XCBuildConfiguration section */

/* Begin XCConfigurationList section */
		166165F425EA3617002A3815 /* Build configuration list for PBXNativeTarget "Terralistic-Debug" */ = {
			isa = XCConfigurationList;
			buildConfigurations = (
				166165F525EA3617002A3815 /* Debug */,
				166165F625EA3617002A3815 /* Release */,
			);
			defaultConfigurationIsVisible = 0;
			defaultConfigurationName = Release;
		};
		1689685125E95FD000D26060 /* Build configuration list for PBXProject "Terralistic" */ = {
			isa = XCConfigurationList;
			buildConfigurations = (
				1689686825E95FD100D26060 /* Debug */,
				1689686925E95FD100D26060 /* Release */,
			);
			defaultConfigurationIsVisible = 0;
			defaultConfigurationName = Release;
		};
		1689686A25E95FD100D26060 /* Build configuration list for PBXNativeTarget "Terralistic" */ = {
			isa = XCConfigurationList;
			buildConfigurations = (
				1689686B25E95FD100D26060 /* Debug */,
				1689686C25E95FD100D26060 /* Release */,
			);
			defaultConfigurationIsVisible = 0;
			defaultConfigurationName = Release;
		};
		1691249125F6B2CE00F7EB4F /* Build configuration list for PBXNativeTarget "Graphics" */ = {
			isa = XCConfigurationList;
			buildConfigurations = (
				1691249225F6B2CE00F7EB4F /* Debug */,
				1691249325F6B2CE00F7EB4F /* Release */,
			);
			defaultConfigurationIsVisible = 0;
			defaultConfigurationName = Release;
		};
		169124C825F6B89700F7EB4F /* Build configuration list for PBXNativeTarget "Graphics-Debug" */ = {
			isa = XCConfigurationList;
			buildConfigurations = (
				169124C925F6B89700F7EB4F /* Debug */,
				169124CA25F6B89700F7EB4F /* Release */,
			);
			defaultConfigurationIsVisible = 0;
			defaultConfigurationName = Release;
		};
/* End XCConfigurationList section */
	};
	rootObject = 1689684E25E95FD000D26060 /* Project object */;
}
